{
  "version": 4,
  "terraform_version": "1.14.0",
  "serial": 126,
  "lineage": "c784c089-f988-f8bc-1305-d1b311a3acd0",
  "outputs": {
    "application_gateway_id": {
      "value": "/subscriptions/e1f5b4be-e0ba-4ccb-8708-a949458fcd83/resourceGroups/spendpilot-rg/providers/Microsoft.Network/applicationGateways/spendpilot-prod-appgw",
      "type": "string"
    },
    "application_gateway_public_ip": {
      "value": "20.207.66.136",
      "type": "string"
    },
    "backend_vm_names": {
      "value": [
        "spendpilot-prod-backend"
      ],
      "type": [
        "tuple",
        [
          "string"
        ]
      ]
    },
    "backend_vm_private_ips": {
      "value": [
        "10.60.20.4"
      ],
      "type": [
        "tuple",
        [
          "string"
        ]
      ]
    },
    "data_vm_names": {
      "value": [
        "spendpilot-prod-data-ai"
      ],
      "type": [
        "tuple",
        [
          "string"
        ]
      ]
    },
    "data_vm_private_ips": {
      "value": [
        "10.60.30.4"
      ],
      "type": [
        "tuple",
        [
          "string"
        ]
      ]
    },
    "frontend_vm_names": {
      "value": [
        "spendpilot-prod-frontend"
      ],
      "type": [
        "tuple",
        [
          "string"
        ]
      ]
    },
    "frontend_vm_private_ips": {
      "value": [
        "10.60.10.4"
      ],
      "type": [
        "tuple",
        [
          "string"
        ]
      ]
    },
    "resource_group_name": {
      "value": "spendpilot-rg",
      "type": "string"
    }
  },
  "resources": [
    {
      "module": "module.app_gateway",
      "mode": "managed",
      "type": "azurerm_application_gateway",
      "name": "this",
      "provider": "provider[\"registry.terraform.io/hashicorp/azurerm\"]",
      "instances": [
        {
          "schema_version": 0,
          "attributes": {
            "authentication_certificate": [],
            "autoscale_configuration": [
              {
                "max_capacity": 6,
                "min_capacity": 2
              }
            ],
            "backend": [],
            "backend_address_pool": [
              {
                "fqdns": [],
                "id": "/subscriptions/e1f5b4be-e0ba-4ccb-8708-a949458fcd83/resourceGroups/spendpilot-rg/providers/Microsoft.Network/applicationGateways/spendpilot-prod-appgw/backendAddressPools/api-pool",
                "ip_addresses": [],
                "name": "api-pool"
              },
              {
                "fqdns": [],
                "id": "/subscriptions/e1f5b4be-e0ba-4ccb-8708-a949458fcd83/resourceGroups/spendpilot-rg/providers/Microsoft.Network/applicationGateways/spendpilot-prod-appgw/backendAddressPools/frontend-pool",
                "ip_addresses": [],
                "name": "frontend-pool"
              }
            ],
            "backend_http_settings": [
              {
                "affinity_cookie_name": "",
                "authentication_certificate": [],
                "connection_draining": [],
                "cookie_based_affinity": "Disabled",
                "dedicated_backend_connection_enabled": false,
                "host_name": "",
                "id": "/subscriptions/e1f5b4be-e0ba-4ccb-8708-a949458fcd83/resourceGroups/spendpilot-rg/providers/Microsoft.Network/applicationGateways/spendpilot-prod-appgw/backendHttpSettingsCollection/api-http",
                "name": "api-http",
                "path": "",
                "pick_host_name_from_backend_address": false,
                "port": 8000,
                "probe_id": "/subscriptions/e1f5b4be-e0ba-4ccb-8708-a949458fcd83/resourceGroups/spendpilot-rg/providers/Microsoft.Network/applicationGateways/spendpilot-prod-appgw/probes/api-probe",
                "probe_name": "api-probe",
                "protocol": "Http",
                "request_timeout": 60,
                "trusted_root_certificate_names": []
              },
              {
                "affinity_cookie_name": "",
                "authentication_certificate": [],
                "connection_draining": [],
                "cookie_based_affinity": "Disabled",
                "dedicated_backend_connection_enabled": false,
                "host_name": "",
                "id": "/subscriptions/e1f5b4be-e0ba-4ccb-8708-a949458fcd83/resourceGroups/spendpilot-rg/providers/Microsoft.Network/applicationGateways/spendpilot-prod-appgw/backendHttpSettingsCollection/frontend-http",
                "name": "frontend-http",
                "path": "",
                "pick_host_name_from_backend_address": false,
                "port": 3000,
                "probe_id": "/subscriptions/e1f5b4be-e0ba-4ccb-8708-a949458fcd83/resourceGroups/spendpilot-rg/providers/Microsoft.Network/applicationGateways/spendpilot-prod-appgw/probes/frontend-probe",
                "probe_name": "frontend-probe",
                "protocol": "Http",
                "request_timeout": 60,
                "trusted_root_certificate_names": []
              }
            ],
            "custom_error_configuration": [],
            "enable_http2": false,
            "fips_enabled": false,
            "firewall_policy_id": "/subscriptions/e1f5b4be-e0ba-4ccb-8708-a949458fcd83/resourceGroups/spendpilot-rg/providers/Microsoft.Network/applicationGatewayWebApplicationFirewallPolicies/spendpilot-prod-appgw-waf",
            "force_firewall_policy_association": false,
            "frontend_ip_configuration": [
              {
                "id": "/subscriptions/e1f5b4be-e0ba-4ccb-8708-a949458fcd83/resourceGroups/spendpilot-rg/providers/Microsoft.Network/applicationGateways/spendpilot-prod-appgw/frontendIPConfigurations/public-frontend",
                "name": "public-frontend",
                "private_ip_address": "",
                "private_ip_address_allocation": "Dynamic",
                "private_link_configuration_id": "",
                "private_link_configuration_name": "",
                "public_ip_address_id": "/subscriptions/e1f5b4be-e0ba-4ccb-8708-a949458fcd83/resourceGroups/spendpilot-rg/providers/Microsoft.Network/publicIPAddresses/spendpilot-prod-appgw-pip",
                "subnet_id": ""
              }
            ],
            "frontend_port": [
              {
                "id": "/subscriptions/e1f5b4be-e0ba-4ccb-8708-a949458fcd83/resourceGroups/spendpilot-rg/providers/Microsoft.Network/applicationGateways/spendpilot-prod-appgw/frontendPorts/http",
                "name": "http",
                "port": 80
              }
            ],
            "gateway_ip_configuration": [
              {
                "id": "/subscriptions/e1f5b4be-e0ba-4ccb-8708-a949458fcd83/resourceGroups/spendpilot-rg/providers/Microsoft.Network/applicationGateways/spendpilot-prod-appgw/gatewayIPConfigurations/gateway-ip-config",
                "name": "gateway-ip-config",
                "subnet_id": "/subscriptions/e1f5b4be-e0ba-4ccb-8708-a949458fcd83/resourceGroups/spendpilot-rg/providers/Microsoft.Network/virtualNetworks/spendpilot-prod-vnet/subnets/appgw-subnet"
              }
            ],
            "global": [],
            "http2_enabled": false,
            "http_listener": [
              {
                "custom_error_configuration": [],
                "firewall_policy_id": "",
                "frontend_ip_configuration_id": "/subscriptions/e1f5b4be-e0ba-4ccb-8708-a949458fcd83/resourceGroups/spendpilot-rg/providers/Microsoft.Network/applicationGateways/spendpilot-prod-appgw/frontendIPConfigurations/public-frontend",
                "frontend_ip_configuration_name": "public-frontend",
                "frontend_port_id": "/subscriptions/e1f5b4be-e0ba-4ccb-8708-a949458fcd83/resourceGroups/spendpilot-rg/providers/Microsoft.Network/applicationGateways/spendpilot-prod-appgw/frontendPorts/http",
                "frontend_port_name": "http",
                "host_name": "",
                "host_names": [],
                "id": "/subscriptions/e1f5b4be-e0ba-4ccb-8708-a949458fcd83/resourceGroups/spendpilot-rg/providers/Microsoft.Network/applicationGateways/spendpilot-prod-appgw/httpListeners/http-listener",
                "name": "http-listener",
                "protocol": "Http",
                "require_sni": false,
                "ssl_certificate_id": "",
                "ssl_certificate_name": "",
                "ssl_profile_id": "",
                "ssl_profile_name": ""
              }
            ],
            "id": "/subscriptions/e1f5b4be-e0ba-4ccb-8708-a949458fcd83/resourceGroups/spendpilot-rg/providers/Microsoft.Network/applicationGateways/spendpilot-prod-appgw",
            "identity": [],
            "listener": [],
            "location": "centralindia",
            "name": "spendpilot-prod-appgw",
            "private_endpoint_connection": [],
            "private_link_configuration": [],
            "probe": [
              {
                "host": "127.0.0.1",
                "id": "/subscriptions/e1f5b4be-e0ba-4ccb-8708-a949458fcd83/resourceGroups/spendpilot-rg/providers/Microsoft.Network/applicationGateways/spendpilot-prod-appgw/probes/api-probe",
                "interval": 30,
                "match": [
                  {
                    "body": "",
                    "status_code": [
                      "200-399"
                    ]
                  }
                ],
                "minimum_servers": 0,
                "name": "api-probe",
                "path": "/health",
                "pick_host_name_from_backend_http_settings": false,
                "port": 0,
                "protocol": "Http",
                "proxy_protocol_header_enabled": false,
                "timeout": 30,
                "unhealthy_threshold": 3
              },
              {
                "host": "127.0.0.1",
                "id": "/subscriptions/e1f5b4be-e0ba-4ccb-8708-a949458fcd83/resourceGroups/spendpilot-rg/providers/Microsoft.Network/applicationGateways/spendpilot-prod-appgw/probes/frontend-probe",
                "interval": 30,
                "match": [
                  {
                    "body": "",
                    "status_code": [
                      "200-399"
                    ]
                  }
                ],
                "minimum_servers": 0,
                "name": "frontend-probe",
                "path": "/",
                "pick_host_name_from_backend_http_settings": false,
                "port": 0,
                "protocol": "Http",
                "proxy_protocol_header_enabled": false,
                "timeout": 30,
                "unhealthy_threshold": 3
              }
            ],
            "redirect_configuration": [],
            "request_routing_rule": [
              {
                "backend_address_pool_id": "",
                "backend_address_pool_name": "",
                "backend_http_settings_id": "",
                "backend_http_settings_name": "",
                "http_listener_id": "/subscriptions/e1f5b4be-e0ba-4ccb-8708-a949458fcd83/resourceGroups/spendpilot-rg/providers/Microsoft.Network/applicationGateways/spendpilot-prod-appgw/httpListeners/http-listener",
                "http_listener_name": "http-listener",
                "id": "/subscriptions/e1f5b4be-e0ba-4ccb-8708-a949458fcd83/resourceGroups/spendpilot-rg/providers/Microsoft.Network/applicationGateways/spendpilot-prod-appgw/requestRoutingRules/path-routing-rule",
                "name": "path-routing-rule",
                "priority": 100,
                "redirect_configuration_id": "",
                "redirect_configuration_name": "",
                "rewrite_rule_set_id": "",
                "rewrite_rule_set_name": "",
                "rule_type": "PathBasedRouting",
                "url_path_map_id": "/subscriptions/e1f5b4be-e0ba-4ccb-8708-a949458fcd83/resourceGroups/spendpilot-rg/providers/Microsoft.Network/applicationGateways/spendpilot-prod-appgw/urlPathMaps/spendpilot-path-map",
                "url_path_map_name": "spendpilot-path-map"
              }
            ],
            "resource_group_name": "spendpilot-rg",
            "rewrite_rule_set": [],
            "routing_rule": [],
            "sku": [
              {
                "capacity": 0,
                "name": "WAF_v2",
                "tier": "WAF_v2"
              }
            ],
            "ssl_certificate": [],
            "ssl_policy": [
              {
                "cipher_suites": [],
                "disabled_protocols": [],
                "min_protocol_version": "",
                "policy_name": "AppGwSslPolicy20220101",
                "policy_type": "Predefined"
              }
            ],
            "ssl_profile": [],
            "tags": {
              "application": "spend-control",
              "environment": "prod",
              "managed_by": "terraform",
              "owner": "platform-team",
              "project": "spend-control",
              "stack": "vm-docker"
            },
            "timeouts": null,
            "trusted_client_certificate": [],
            "trusted_root_certificate": [],
            "url_path_map": [
              {
                "default_backend_address_pool_id": "/subscriptions/e1f5b4be-e0ba-4ccb-8708-a949458fcd83/resourceGroups/spendpilot-rg/providers/Microsoft.Network/applicationGateways/spendpilot-prod-appgw/backendAddressPools/frontend-pool",
                "default_backend_address_pool_name": "frontend-pool",
                "default_backend_http_settings_id": "/subscriptions/e1f5b4be-e0ba-4ccb-8708-a949458fcd83/resourceGroups/spendpilot-rg/providers/Microsoft.Network/applicationGateways/spendpilot-prod-appgw/backendHttpSettingsCollection/frontend-http",
                "default_backend_http_settings_name": "frontend-http",
                "default_redirect_configuration_id": "",
                "default_redirect_configuration_name": "",
                "default_rewrite_rule_set_id": "",
                "default_rewrite_rule_set_name": "",
                "id": "/subscriptions/e1f5b4be-e0ba-4ccb-8708-a949458fcd83/resourceGroups/spendpilot-rg/providers/Microsoft.Network/applicationGateways/spendpilot-prod-appgw/urlPathMaps/spendpilot-path-map",
                "name": "spendpilot-path-map",
                "path_rule": [
                  {
                    "backend_address_pool_id": "/subscriptions/e1f5b4be-e0ba-4ccb-8708-a949458fcd83/resourceGroups/spendpilot-rg/providers/Microsoft.Network/applicationGateways/spendpilot-prod-appgw/backendAddressPools/api-pool",
                    "backend_address_pool_name": "api-pool",
                    "backend_http_settings_id": "/subscriptions/e1f5b4be-e0ba-4ccb-8708-a949458fcd83/resourceGroups/spendpilot-rg/providers/Microsoft.Network/applicationGateways/spendpilot-prod-appgw/backendHttpSettingsCollection/api-http",
                    "backend_http_settings_name": "api-http",
                    "firewall_policy_id": "",
                    "id": "/subscriptions/e1f5b4be-e0ba-4ccb-8708-a949458fcd83/resourceGroups/spendpilot-rg/providers/Microsoft.Network/applicationGateways/spendpilot-prod-appgw/urlPathMaps/spendpilot-path-map/pathRules/api-rule",
                    "name": "api-rule",
                    "paths": [
                      "/api/*"
                    ],
                    "redirect_configuration_id": "",
                    "redirect_configuration_name": "",
                    "rewrite_rule_set_id": "",
                    "rewrite_rule_set_name": ""
                  }
                ]
              }
            ],
            "waf_configuration": [],
            "zones": [
              "1",
              "2",
              "3"
            ]
          },
          "sensitive_attributes": [],
          "identity_schema_version": 0,
          "identity": {
            "name": "spendpilot-prod-appgw",
            "resource_group_name": "spendpilot-rg",
            "subscription_id": "e1f5b4be-e0ba-4ccb-8708-a949458fcd83"
          },
          "private": "eyJlMmJmYjczMC1lY2FhLTExZTYtOGY4OC0zNDM2M2JjN2M0YzAiOnsiY3JlYXRlIjo1NDAwMDAwMDAwMDAwLCJkZWxldGUiOjU0MDAwMDAwMDAwMDAsInJlYWQiOjMwMDAwMDAwMDAwMCwidXBkYXRlIjo1NDAwMDAwMDAwMDAwfX0=",
          "dependencies": [
            "module.app_gateway.azurerm_public_ip.this",
            "module.app_gateway.azurerm_web_application_firewall_policy.this",
            "module.network.azurerm_subnet.this",
            "module.network.azurerm_virtual_network.this",
            "module.resource_group.azurerm_resource_group.this"
          ]
        }
      ]
    },
    {
      "module": "module.app_gateway",
      "mode": "managed",
      "type": "azurerm_public_ip",
      "name": "this",
      "provider": "provider[\"registry.terraform.io/hashicorp/azurerm\"]",
      "instances": [
        {
          "schema_version": 0,
          "attributes": {
            "allocation_method": "Static",
            "ddos_protection_mode": "VirtualNetworkInherited",
            "ddos_protection_plan_id": null,
            "domain_name_label": "",
            "domain_name_label_scope": "",
            "edge_zone": "",
            "fqdn": "",
            "id": "/subscriptions/e1f5b4be-e0ba-4ccb-8708-a949458fcd83/resourceGroups/spendpilot-rg/providers/Microsoft.Network/publicIPAddresses/spendpilot-prod-appgw-pip",
            "idle_timeout_in_minutes": 4,
            "ip_address": "20.207.66.136",
            "ip_tags": {},
            "ip_version": "IPv4",
            "location": "centralindia",
            "name": "spendpilot-prod-appgw-pip",
            "public_ip_prefix_id": null,
            "resource_group_name": "spendpilot-rg",
            "reverse_fqdn": "",
            "sku": "Standard",
            "sku_tier": "Regional",
            "tags": {
              "application": "spend-control",
              "environment": "prod",
              "managed_by": "terraform",
              "owner": "platform-team",
              "project": "spend-control",
              "stack": "vm-docker"
            },
            "timeouts": null,
            "zones": [
              "1",
              "2",
              "3"
            ]
          },
          "sensitive_attributes": [],
          "identity_schema_version": 0,
          "identity": {
            "name": "spendpilot-prod-appgw-pip",
            "resource_group_name": "spendpilot-rg",
            "subscription_id": "e1f5b4be-e0ba-4ccb-8708-a949458fcd83"
          },
          "private": "eyJlMmJmYjczMC1lY2FhLTExZTYtOGY4OC0zNDM2M2JjN2M0YzAiOnsiY3JlYXRlIjoxODAwMDAwMDAwMDAwLCJkZWxldGUiOjE4MDAwMDAwMDAwMDAsInJlYWQiOjMwMDAwMDAwMDAwMCwidXBkYXRlIjoxODAwMDAwMDAwMDAwfX0=",
          "dependencies": [
            "module.resource_group.azurerm_resource_group.this"
          ]
        }
      ]
    },
    {
      "module": "module.app_gateway",
      "mode": "managed",
      "type": "azurerm_web_application_firewall_policy",
      "name": "this",
      "provider": "provider[\"registry.terraform.io/hashicorp/azurerm\"]",
      "instances": [
        {
          "schema_version": 1,
          "attributes": {
            "custom_rules": [],
            "http_listener_ids": [],
            "id": "/subscriptions/e1f5b4be-e0ba-4ccb-8708-a949458fcd83/resourceGroups/spendpilot-rg/providers/Microsoft.Network/applicationGatewayWebApplicationFirewallPolicies/spendpilot-prod-appgw-waf",
            "location": "centralindia",
            "managed_rules": [
              {
                "exclusion": [],
                "managed_rule_set": [
                  {
                    "rule_group_override": [],
                    "type": "OWASP",
                    "version": "3.2"
                  }
                ]
              }
            ],
            "name": "spendpilot-prod-appgw-waf",
            "path_based_rule_ids": [],
            "policy_settings": [
              {
                "enabled": true,
                "file_upload_enforcement": false,
                "file_upload_limit_in_mb": 100,
                "js_challenge_cookie_expiration_in_minutes": 30,
                "log_scrubbing": [],
                "max_request_body_size_in_kb": 128,
                "mode": "Prevention",
                "request_body_check": true,
                "request_body_enforcement": true,
                "request_body_inspect_limit_in_kb": 128
              }
            ],
            "resource_group_name": "spendpilot-rg",
            "tags": {
              "application": "spend-control",
              "environment": "prod",
              "managed_by": "terraform",
              "owner": "platform-team",
              "project": "spend-control",
              "stack": "vm-docker"
            },
            "timeouts": null
          },
          "sensitive_attributes": [],
          "identity_schema_version": 0,
          "identity": {
            "name": "spendpilot-prod-appgw-waf",
            "resource_group_name": "spendpilot-rg",
            "subscription_id": "e1f5b4be-e0ba-4ccb-8708-a949458fcd83"
          },
          "private": "eyJlMmJmYjczMC1lY2FhLTExZTYtOGY4OC0zNDM2M2JjN2M0YzAiOnsiY3JlYXRlIjoxODAwMDAwMDAwMDAwLCJkZWxldGUiOjE4MDAwMDAwMDAwMDAsInJlYWQiOjMwMDAwMDAwMDAwMCwidXBkYXRlIjoxODAwMDAwMDAwMDAwfSwic2NoZW1hX3ZlcnNpb24iOiIxIn0=",
          "dependencies": [
            "module.resource_group.azurerm_resource_group.this"
          ]
        }
      ]
    },
    {
      "module": "module.backend_subnet_nsg",
      "mode": "managed",
      "type": "azurerm_network_security_group",
      "name": "this",
      "provider": "provider[\"registry.terraform.io/hashicorp/azurerm\"]",
      "instances": [
        {
          "schema_version": 0,
          "attributes": {
            "id": "/subscriptions/e1f5b4be-e0ba-4ccb-8708-a949458fcd83/resourceGroups/spendpilot-rg/providers/Microsoft.Network/networkSecurityGroups/spendpilot-prod-backend-nsg",
            "location": "centralindia",
            "name": "spendpilot-prod-backend-nsg",
            "resource_group_name": "spendpilot-rg",
            "security_rule": [
              {
                "access": "Allow",
                "description": "",
                "destination_address_prefix": "*",
                "destination_address_prefixes": [],
                "destination_application_security_group_ids": [],
                "destination_port_range": "8000",
                "destination_port_ranges": [],
                "direction": "Inbound",
                "name": "allow-appgw-to-api",
                "priority": 100,
                "protocol": "Tcp",
                "source_address_prefix": "10.60.0.0/24",
                "source_address_prefixes": [],
                "source_application_security_group_ids": [],
                "source_port_range": "*",
                "source_port_ranges": []
              }
            ],
            "tags": {
              "application": "spend-control",
              "environment": "prod",
              "managed_by": "terraform",
              "owner": "platform-team",
              "project": "spend-control",
              "stack": "vm-docker"
            },
            "timeouts": null
          },
          "sensitive_attributes": [],
          "identity_schema_version": 0,
          "identity": {
            "name": "spendpilot-prod-backend-nsg",
            "resource_group_name": "spendpilot-rg",
            "subscription_id": "e1f5b4be-e0ba-4ccb-8708-a949458fcd83"
          },
          "private": "eyJlMmJmYjczMC1lY2FhLTExZTYtOGY4OC0zNDM2M2JjN2M0YzAiOnsiY3JlYXRlIjoxODAwMDAwMDAwMDAwLCJkZWxldGUiOjE4MDAwMDAwMDAwMDAsInJlYWQiOjMwMDAwMDAwMDAwMCwidXBkYXRlIjoxODAwMDAwMDAwMDAwfX0=",
          "dependencies": [
            "module.resource_group.azurerm_resource_group.this"
          ]
        }
      ]
    },
    {
      "module": "module.backend_subnet_nsg",
      "mode": "managed",
      "type": "azurerm_subnet_network_security_group_association",
      "name": "this",
      "provider": "provider[\"registry.terraform.io/hashicorp/azurerm\"]",
      "instances": [
        {
          "schema_version": 0,
          "attributes": {
            "id": "/subscriptions/e1f5b4be-e0ba-4ccb-8708-a949458fcd83/resourceGroups/spendpilot-rg/providers/Microsoft.Network/virtualNetworks/spendpilot-prod-vnet/subnets/backend-subnet",
            "network_security_group_id": "/subscriptions/e1f5b4be-e0ba-4ccb-8708-a949458fcd83/resourceGroups/spendpilot-rg/providers/Microsoft.Network/networkSecurityGroups/spendpilot-prod-backend-nsg",
            "subnet_id": "/subscriptions/e1f5b4be-e0ba-4ccb-8708-a949458fcd83/resourceGroups/spendpilot-rg/providers/Microsoft.Network/virtualNetworks/spendpilot-prod-vnet/subnets/backend-subnet",
            "timeouts": null
          },
          "sensitive_attributes": [],
          "identity_schema_version": 0,
          "private": "eyJlMmJmYjczMC1lY2FhLTExZTYtOGY4OC0zNDM2M2JjN2M0YzAiOnsiY3JlYXRlIjoxODAwMDAwMDAwMDAwLCJkZWxldGUiOjE4MDAwMDAwMDAwMDAsInJlYWQiOjMwMDAwMDAwMDAwMH19",
          "dependencies": [
            "module.backend_subnet_nsg.azurerm_network_security_group.this",
            "module.network.azurerm_subnet.this",
            "module.network.azurerm_virtual_network.this",
            "module.resource_group.azurerm_resource_group.this"
          ]
        }
      ]
    },
    {
      "module": "module.backend_vms",
      "mode": "managed",
      "type": "azurerm_linux_virtual_machine",
      "name": "this",
      "provider": "provider[\"registry.terraform.io/hashicorp/azurerm\"]",
      "instances": [
        {
          "index_key": 0,
          "schema_version": 0,
          "attributes": {
            "additional_capabilities": [],
            "admin_password": "Lijazsalim@2020",
            "admin_ssh_key": [],
            "admin_username": "lijaz",
            "allow_extension_operations": true,
            "availability_set_id": "",
            "boot_diagnostics": [],
            "bypass_platform_safety_checks_on_user_schedule_enabled": false,
            "capacity_reservation_group_id": "",
            "computer_name": "spendpilot-prod-backend",
            "custom_data": "I2Nsb3VkLWNvbmZpZwpwYWNrYWdlX3VwZGF0ZTogdHJ1ZQpwYWNrYWdlX3VwZ3JhZGU6IHRydWUKcGFja2FnZXM6CiAgLSBjYS1jZXJ0aWZpY2F0ZXMKICAtIGN1cmwKICAtIGdpdAogIC0gZ251cGcKICAtIGxzYi1yZWxlYXNlCiAgLSBqcQoKd3JpdGVfZmlsZXM6CiAgLSBwYXRoOiAvZXRjL3NwZW5kLWNvbnRyb2wtcm9sZQogICAgcGVybWlzc2lvbnM6ICIwNjQ0IgogICAgb3duZXI6IHJvb3Q6cm9vdAogICAgY29udGVudDogfAogICAgICBiYWNrZW5kCgoKCiAgLSBwYXRoOiAvb3B0L3NwZW5kLWNvbnRyb2wvYm9vdHN0cmFwL2JhY2tlbmQuZW52CiAgICBwZXJtaXNzaW9uczogIjA2MDAiCiAgICBvd25lcjogcm9vdDpyb290CiAgICBjb250ZW50OiB8CiAgICAgIEFQUF9FTlY9cHJvZHVjdGlvbgogICAgICBDT1JTX09SSUdJTlM9aHR0cDovLzIwLjIwNy42Ni4xMzYKICAgICAgSldUX1NFQ1JFVF9LRVk9ZGV2LXNlY3JldC1jaGFuZ2UtbWUKICAgICAgREFUQUJBU0VfVVJMPXBvc3RncmVzcWwrcHN5Y29wZzovL3NwZW5kcGlsb3Q6c3BlbmRwaWxvdEAxMC42MC4zMC40OjU0MzIvc3BlbmRfY29udHJvbAogICAgICBPTExBTUFfQkFTRV9VUkw9aHR0cDovLzEwLjYwLjMwLjQ6MTE0MzQKICAgICAgT0xMQU1BX01PREVMPWxsYW1hMy4yCiAgICAgIE9MTEFNQV9SRVFVRVNUX1RJTUVPVVQ9MzAKICAgICAgRVhQRU5TRV9TRVJWSUNFX1VSTD1odHRwOi8vZXhwZW5zZS1zZXJ2aWNlOjgwMDEKICAgICAgQUlfU0VSVklDRV9VUkw9aHR0cDovL2FpLXNlcnZpY2U6ODAwMgogICAgICBSRUNFSVBUX1JFUVVJUkVEX1RIUkVTSE9MRD03NQogICAgICBVUExPQURfRElSPS9kYXRhL3VwbG9hZHMKCiAgLSBwYXRoOiAvb3B0L3NwZW5kLWNvbnRyb2wvYm9vdHN0cmFwL3N0YXJ0LWJhY2tlbmQuc2gKICAgIHBlcm1pc3Npb25zOiAiMDc1NSIKICAgIG93bmVyOiByb290OnJvb3QKICAgIGNvbnRlbnQ6IHwKICAgICAgIyEvdXNyL2Jpbi9lbnYgYmFzaAogICAgICBzZXQgLWV1eG8gcGlwZWZhaWwKICAgICAgYmFzZT0vb3B0L3NwZW5kLWNvbnRyb2wvZGVwbG95CiAgICAgIG1rZGlyIC1wICIkYmFzZSIKCiAgICAgIHdhaXRfZm9yX2RvY2tlcigpIHsKICAgICAgICBmb3IgaSBpbiAkKHNlcSAxIDMwKTsgZG8KICAgICAgICAgIGlmIGRvY2tlciBpbmZvID4vZGV2L251bGwgMj4mMTsgdGhlbgogICAgICAgICAgICByZXR1cm4gMAogICAgICAgICAgZmkKICAgICAgICAgIHNsZWVwIDIKICAgICAgICBkb25lCiAgICAgICAgZWNobyAiRG9ja2VyIGRhZW1vbiBkaWQgbm90IGJlY29tZSByZWFkeSBpbiB0aW1lLiIKICAgICAgICByZXR1cm4gMQogICAgICB9CgogICAgICB3YWl0X2Zvcl90Y3AoKSB7CiAgICAgICAgaG9zdD0iJDEiCiAgICAgICAgcG9ydD0iJDIiCiAgICAgICAgbGFiZWw9IiQzIgogICAgICAgIGZvciBpIGluICQoc2VxIDEgNjApOyBkbwogICAgICAgICAgaWYgdGltZW91dCAyIGJhc2ggLWxjICI8L2Rldi90Y3AvJGhvc3QvJHBvcnQiID4vZGV2L251bGwgMj4mMTsgdGhlbgogICAgICAgICAgICByZXR1cm4gMAogICAgICAgICAgZmkKICAgICAgICAgIGVjaG8gIldhaXRpbmcgZm9yICRsYWJlbCBhdCAkaG9zdDokcG9ydCAoJGkvNjApLi4uIgogICAgICAgICAgc2xlZXAgNQogICAgICAgIGRvbmUKICAgICAgICBlY2hvICJUaW1lZCBvdXQgd2FpdGluZyBmb3IgJGxhYmVsLiIKICAgICAgICByZXR1cm4gMQogICAgICB9CgogICAgICB3YWl0X2Zvcl9odHRwKCkgewogICAgICAgIHVybD0iJDEiCiAgICAgICAgbGFiZWw9IiQyIgogICAgICAgIGZvciBpIGluICQoc2VxIDEgNjApOyBkbwogICAgICAgICAgaWYgY3VybCAtZnNTICIkdXJsIiA+L2Rldi9udWxsIDI+JjE7IHRoZW4KICAgICAgICAgICAgcmV0dXJuIDAKICAgICAgICAgIGZpCiAgICAgICAgICBlY2hvICJXYWl0aW5nIGZvciAkbGFiZWwgYXQgJHVybCAoJGkvNjApLi4uIgogICAgICAgICAgc2xlZXAgNQogICAgICAgIGRvbmUKICAgICAgICBlY2hvICJUaW1lZCBvdXQgd2FpdGluZyBmb3IgJGxhYmVsLiIKICAgICAgICByZXR1cm4gMQogICAgICB9CgogICAgICBjbG9uZV9vcl91cGRhdGUoKSB7CiAgICAgICAgcmVwbz0iJDEiCiAgICAgICAgdGFyZ2V0PSIkMiIKICAgICAgICBpZiBbICEgLWQgIiR0YXJnZXQvLmdpdCIgXTsgdGhlbgogICAgICAgICAgZ2l0IGNsb25lIC0tZGVwdGggMSAtLWJyYW5jaCBtYWluIGh0dHBzOi8vZ2l0aHViLmNvbS9TcGVuZFBpbG90LyIkcmVwbyIuZ2l0ICIkdGFyZ2V0IgogICAgICAgIGVsc2UKICAgICAgICAgIGdpdCAtQyAiJHRhcmdldCIgZmV0Y2ggb3JpZ2luIG1haW4KICAgICAgICAgIGdpdCAtQyAiJHRhcmdldCIgcmVzZXQgLS1oYXJkIG9yaWdpbi9tYWluCiAgICAgICAgZmkKICAgICAgfQoKICAgICAgd2FpdF9mb3JfZG9ja2VyCiAgICAgIHdhaXRfZm9yX3RjcCAxMC42MC4zMC40IDU0MzIgIlBvc3RncmVTUUwiCiAgICAgIHdhaXRfZm9yX2h0dHAgaHR0cDovLzEwLjYwLjMwLjQ6MTE0MzQvYXBpL3RhZ3MgIk9sbGFtYSIKCiAgICAgIGNsb25lX29yX3VwZGF0ZSBzcGVuZC1jb250cm9sLXBsYXRmb3JtICIkYmFzZS9zcGVuZC1jb250cm9sLXBsYXRmb3JtIgogICAgICBjbG9uZV9vcl91cGRhdGUgc3BlbmQtY29udHJvbC1jb250cm9sLXNlcnZpY2UgIiRiYXNlL3NwZW5kLWNvbnRyb2wtY29udHJvbC1zZXJ2aWNlIgogICAgICBjbG9uZV9vcl91cGRhdGUgc3BlbmQtY29udHJvbC1leHBlbnNlLXNlcnZpY2UgIiRiYXNlL3NwZW5kLWNvbnRyb2wtZXhwZW5zZS1zZXJ2aWNlIgogICAgICBjbG9uZV9vcl91cGRhdGUgc3BlbmQtY29udHJvbC1haS1zZXJ2aWNlICIkYmFzZS9zcGVuZC1jb250cm9sLWFpLXNlcnZpY2UiCgogICAgICBjZCAiJGJhc2Uvc3BlbmQtY29udHJvbC1wbGF0Zm9ybSIKICAgICAgZG9ja2VyIGNvbXBvc2UgLS1lbnYtZmlsZSAvb3B0L3NwZW5kLWNvbnRyb2wvYm9vdHN0cmFwL2JhY2tlbmQuZW52IC1mIGRvY2tlci1jb21wb3NlLmJhY2tlbmQueW1sIHVwIC1kIC0tYnVpbGQKCgpydW5jbWQ6CiAgLSBpbnN0YWxsIC1tIDA3NTUgLWQgL2V0Yy9hcHQva2V5cmluZ3MKICAtIGN1cmwgLWZzU0wgaHR0cHM6Ly9kb3dubG9hZC5kb2NrZXIuY29tL2xpbnV4L3VidW50dS9ncGcgLW8gL3RtcC9kb2NrZXIuYXNjCiAgLSBjaG1vZCBhK3IgL3RtcC9kb2NrZXIuYXNjCiAgLSBncGcgLS1kZWFybW9yIC1vIC9ldGMvYXB0L2tleXJpbmdzL2RvY2tlci5ncGcgL3RtcC9kb2NrZXIuYXNjCiAgLSBlY2hvICJkZWIgW2FyY2g9JChkcGtnIC0tcHJpbnQtYXJjaGl0ZWN0dXJlKSBzaWduZWQtYnk9L2V0Yy9hcHQva2V5cmluZ3MvZG9ja2VyLmdwZ10gaHR0cHM6Ly9kb3dubG9hZC5kb2NrZXIuY29tL2xpbnV4L3VidW50dSAkKC4gL2V0Yy9vcy1yZWxlYXNlICYmIGVjaG8gJFZFUlNJT05fQ09ERU5BTUUpIHN0YWJsZSIgPiAvZXRjL2FwdC9zb3VyY2VzLmxpc3QuZC9kb2NrZXIubGlzdAogIC0gYXB0LWdldCB1cGRhdGUKICAtIGFwdC1nZXQgaW5zdGFsbCAteSBkb2NrZXItY2UgZG9ja2VyLWNlLWNsaSBjb250YWluZXJkLmlvIGRvY2tlci1idWlsZHgtcGx1Z2luIGRvY2tlci1jb21wb3NlLXBsdWdpbgogIC0gc3lzdGVtY3RsIGVuYWJsZSBkb2NrZXIKICAtIHN5c3RlbWN0bCBzdGFydCBkb2NrZXIKICAtIHVzZXJtb2QgLWFHIGRvY2tlciB1YnVudHUgfHwgdHJ1ZQogIC0gdXNlcm1vZCAtYUcgZG9ja2VyIGF6dXJldXNlciB8fCB0cnVlCiAgLSBta2RpciAtcCAvb3B0L3NwZW5kLWNvbnRyb2wKICAtIGVjaG8gIkRvY2tlciByZWFkeSBmb3IgYmFja2VuZCBub2RlIiA+IC9vcHQvc3BlbmQtY29udHJvbC9SRUFETUUudHh0CgoKCgoKCgogIC0gYmFzaCAvb3B0L3NwZW5kLWNvbnRyb2wvYm9vdHN0cmFwL3N0YXJ0LWJhY2tlbmQuc2gKCg==",
            "dedicated_host_group_id": "",
            "dedicated_host_id": "",
            "disable_password_authentication": false,
            "disk_controller_type": "SCSI",
            "edge_zone": "",
            "encryption_at_host_enabled": false,
            "eviction_policy": "",
            "extensions_time_budget": "PT1H30M",
            "gallery_application": [],
            "id": "/subscriptions/e1f5b4be-e0ba-4ccb-8708-a949458fcd83/resourceGroups/spendpilot-rg/providers/Microsoft.Compute/virtualMachines/spendpilot-prod-backend",
            "identity": [
              {
                "identity_ids": null,
                "principal_id": "148cb777-5713-4ea8-b285-8a12fd897468",
                "tenant_id": "920e9322-340c-4fbc-bf09-dc8fd6636182",
                "type": "SystemAssigned"
              }
            ],
            "license_type": "",
            "location": "centralindia",
            "max_bid_price": -1,
            "name": "spendpilot-prod-backend",
            "network_interface_ids": [
              "/subscriptions/e1f5b4be-e0ba-4ccb-8708-a949458fcd83/resourceGroups/spendpilot-rg/providers/Microsoft.Network/networkInterfaces/spendpilot-prod-backend-nic"
            ],
            "os_disk": [
              {
                "caching": "ReadWrite",
                "diff_disk_settings": [],
                "disk_encryption_set_id": "",
                "disk_size_gb": 30,
                "id": "/subscriptions/e1f5b4be-e0ba-4ccb-8708-a949458fcd83/resourceGroups/spendpilot-rg/providers/Microsoft.Compute/disks/spendpilot-prod-backend_OsDisk_1_3b948f5a4e1b42339d920e77f87ab23e",
                "name": "spendpilot-prod-backend_OsDisk_1_3b948f5a4e1b42339d920e77f87ab23e",
                "secure_vm_disk_encryption_set_id": "",
                "security_encryption_type": "",
                "storage_account_type": "Premium_LRS",
                "write_accelerator_enabled": false
              }
            ],
            "os_image_notification": [],
            "os_managed_disk_id": "/subscriptions/e1f5b4be-e0ba-4ccb-8708-a949458fcd83/resourceGroups/spendpilot-rg/providers/Microsoft.Compute/disks/spendpilot-prod-backend_OsDisk_1_3b948f5a4e1b42339d920e77f87ab23e",
            "patch_assessment_mode": "ImageDefault",
            "patch_mode": "ImageDefault",
            "plan": [],
            "platform_fault_domain": -1,
            "priority": "Regular",
            "private_ip_address": "10.60.20.4",
            "private_ip_addresses": [
              "10.60.20.4"
            ],
            "provision_vm_agent": true,
            "proximity_placement_group_id": "",
            "public_ip_address": "",
            "public_ip_addresses": [],
            "reboot_setting": "",
            "resource_group_name": "spendpilot-rg",
            "secret": [],
            "secure_boot_enabled": false,
            "size": "Standard_D2s_v3",
            "source_image_id": "",
            "source_image_reference": [
              {
                "offer": "0001-com-ubuntu-server-jammy",
                "publisher": "Canonical",
                "sku": "22_04-lts-gen2",
                "version": "latest"
              }
            ],
            "tags": {
              "application": "spend-control",
              "environment": "prod",
              "managed_by": "terraform",
              "owner": "platform-team",
              "project": "spend-control",
              "stack": "vm-docker"
            },
            "termination_notification": null,
            "timeouts": null,
            "user_data": "",
            "virtual_machine_id": "bf4d8b84-f6d7-4246-b56b-87dcd005e471",
            "virtual_machine_scale_set_id": "",
            "vm_agent_platform_updates_enabled": false,
            "vtpm_enabled": false,
            "zone": "1"
          },
          "sensitive_attributes": [
            [
              {
                "type": "get_attr",
                "value": "admin_password"
              }
            ],
            [
              {
                "type": "get_attr",
                "value": "custom_data"
              }
            ]
          ],
          "identity_schema_version": 0,
          "private": "eyJlMmJmYjczMC1lY2FhLTExZTYtOGY4OC0zNDM2M2JjN2M0YzAiOnsiY3JlYXRlIjoyNzAwMDAwMDAwMDAwLCJkZWxldGUiOjI3MDAwMDAwMDAwMDAsInJlYWQiOjMwMDAwMDAwMDAwMCwidXBkYXRlIjoyNzAwMDAwMDAwMDAwfX0=",
          "dependencies": [
            "module.app_gateway.azurerm_public_ip.this",
            "module.backend_vms.azurerm_network_interface.this",
            "module.network.azurerm_subnet.this",
            "module.network.azurerm_virtual_network.this",
            "module.resource_group.azurerm_resource_group.this"
          ]
        }
      ]
    },
    {
      "module": "module.backend_vms",
      "mode": "managed",
      "type": "azurerm_network_interface",
      "name": "this",
      "provider": "provider[\"registry.terraform.io/hashicorp/azurerm\"]",
      "instances": [
        {
          "index_key": 0,
          "schema_version": 0,
          "attributes": {
            "accelerated_networking_enabled": false,
            "applied_dns_servers": [],
            "auxiliary_mode": "",
            "auxiliary_sku": "",
            "dns_servers": [],
            "edge_zone": "",
            "id": "/subscriptions/e1f5b4be-e0ba-4ccb-8708-a949458fcd83/resourceGroups/spendpilot-rg/providers/Microsoft.Network/networkInterfaces/spendpilot-prod-backend-nic",
            "internal_dns_name_label": "",
            "internal_domain_name_suffix": "",
            "ip_configuration": [
              {
                "gateway_load_balancer_frontend_ip_configuration_id": "",
                "name": "internal",
                "primary": true,
                "private_ip_address": "10.60.20.4",
                "private_ip_address_allocation": "Static",
                "private_ip_address_version": "IPv4",
                "public_ip_address_id": "",
                "subnet_id": "/subscriptions/e1f5b4be-e0ba-4ccb-8708-a949458fcd83/resourceGroups/spendpilot-rg/providers/Microsoft.Network/virtualNetworks/spendpilot-prod-vnet/subnets/backend-subnet"
              }
            ],
            "ip_forwarding_enabled": false,
            "location": "centralindia",
            "mac_address": "60-45-BD-AD-A3-06",
            "name": "spendpilot-prod-backend-nic",
            "private_ip_address": "10.60.20.4",
            "private_ip_addresses": [
              "10.60.20.4"
            ],
            "resource_group_name": "spendpilot-rg",
            "tags": {
              "application": "spend-control",
              "environment": "prod",
              "managed_by": "terraform",
              "owner": "platform-team",
              "project": "spend-control",
              "stack": "vm-docker"
            },
            "timeouts": null,
            "virtual_machine_id": "/subscriptions/e1f5b4be-e0ba-4ccb-8708-a949458fcd83/resourceGroups/spendpilot-rg/providers/Microsoft.Compute/virtualMachines/spendpilot-prod-backend"
          },
          "sensitive_attributes": [],
          "identity_schema_version": 0,
          "identity": {
            "name": "spendpilot-prod-backend-nic",
            "resource_group_name": "spendpilot-rg",
            "subscription_id": "e1f5b4be-e0ba-4ccb-8708-a949458fcd83"
          },
          "private": "eyJlMmJmYjczMC1lY2FhLTExZTYtOGY4OC0zNDM2M2JjN2M0YzAiOnsiY3JlYXRlIjoxODAwMDAwMDAwMDAwLCJkZWxldGUiOjE4MDAwMDAwMDAwMDAsInJlYWQiOjMwMDAwMDAwMDAwMCwidXBkYXRlIjoxODAwMDAwMDAwMDAwfX0=",
          "dependencies": [
            "module.network.azurerm_subnet.this",
            "module.network.azurerm_virtual_network.this",
            "module.resource_group.azurerm_resource_group.this"
          ]
        }
      ]
    },
    {
      "module": "module.backend_vms",
      "mode": "managed",
      "type": "azurerm_network_interface_application_gateway_backend_address_pool_association",
      "name": "this",
      "provider": "provider[\"registry.terraform.io/hashicorp/azurerm\"]",
      "instances": [
        {
          "index_key": 0,
          "schema_version": 0,
          "attributes": {
            "backend_address_pool_id": "/subscriptions/e1f5b4be-e0ba-4ccb-8708-a949458fcd83/resourceGroups/spendpilot-rg/providers/Microsoft.Network/applicationGateways/spendpilot-prod-appgw/backendAddressPools/api-pool",
            "id": "/subscriptions/e1f5b4be-e0ba-4ccb-8708-a949458fcd83/resourceGroups/spendpilot-rg/providers/Microsoft.Network/networkInterfaces/spendpilot-prod-backend-nic/ipConfigurations/internal|/subscriptions/e1f5b4be-e0ba-4ccb-8708-a949458fcd83/resourceGroups/spendpilot-rg/providers/Microsoft.Network/applicationGateways/spendpilot-prod-appgw/backendAddressPools/api-pool",
            "ip_configuration_name": "internal",
            "network_interface_id": "/subscriptions/e1f5b4be-e0ba-4ccb-8708-a949458fcd83/resourceGroups/spendpilot-rg/providers/Microsoft.Network/networkInterfaces/spendpilot-prod-backend-nic",
            "timeouts": null
          },
          "sensitive_attributes": [],
          "identity_schema_version": 0,
          "private": "eyJlMmJmYjczMC1lY2FhLTExZTYtOGY4OC0zNDM2M2JjN2M0YzAiOnsiY3JlYXRlIjoxODAwMDAwMDAwMDAwLCJkZWxldGUiOjE4MDAwMDAwMDAwMDAsInJlYWQiOjMwMDAwMDAwMDAwMH19",
          "dependencies": [
            "module.app_gateway.azurerm_application_gateway.this",
            "module.app_gateway.azurerm_public_ip.this",
            "module.app_gateway.azurerm_web_application_firewall_policy.this",
            "module.backend_vms.azurerm_network_interface.this",
            "module.network.azurerm_subnet.this",
            "module.network.azurerm_virtual_network.this",
            "module.resource_group.azurerm_resource_group.this"
          ]
        }
      ]
    },
    {
      "module": "module.data_vms",
      "mode": "managed",
      "type": "azurerm_linux_virtual_machine",
      "name": "this",
      "provider": "provider[\"registry.terraform.io/hashicorp/azurerm\"]",
      "instances": [
        {
          "index_key": 0,
          "schema_version": 0,
          "attributes": {
            "additional_capabilities": [],
            "admin_password": "Lijazsalim@2020",
            "admin_ssh_key": [],
            "admin_username": "lijaz",
            "allow_extension_operations": true,
            "availability_set_id": "",
            "boot_diagnostics": [],
            "bypass_platform_safety_checks_on_user_schedule_enabled": false,
            "capacity_reservation_group_id": "",
            "computer_name": "spendpilot-prod-data-ai",
            "custom_data": "I2Nsb3VkLWNvbmZpZwpwYWNrYWdlX3VwZGF0ZTogdHJ1ZQpwYWNrYWdlX3VwZ3JhZGU6IHRydWUKcGFja2FnZXM6CiAgLSBjYS1jZXJ0aWZpY2F0ZXMKICAtIGN1cmwKICAtIGdpdAogIC0gZ251cGcKICAtIGxzYi1yZWxlYXNlCiAgLSBqcQoKd3JpdGVfZmlsZXM6CiAgLSBwYXRoOiAvZXRjL3NwZW5kLWNvbnRyb2wtcm9sZQogICAgcGVybWlzc2lvbnM6ICIwNjQ0IgogICAgb3duZXI6IHJvb3Q6cm9vdAogICAgY29udGVudDogfAogICAgICBkYXRhLWFpCgogIC0gcGF0aDogL29wdC9zcGVuZC1jb250cm9sL2RhdGEtYWkvZG9ja2VyLWNvbXBvc2UueW1sCiAgICBwZXJtaXNzaW9uczogIjA2NDQiCiAgICBvd25lcjogcm9vdDpyb290CiAgICBjb250ZW50OiB8CiAgICAgIHNlcnZpY2VzOgoKICAgICAgICBwb3N0Z3JlczoKICAgICAgICAgIGltYWdlOiBwb3N0Z3JlczoxNgogICAgICAgICAgY29udGFpbmVyX25hbWU6IHNwZW5kLWNvbnRyb2wtcG9zdGdyZXMKICAgICAgICAgIHJlc3RhcnQ6IHVubGVzcy1zdG9wcGVkCiAgICAgICAgICBlbnZpcm9ubWVudDoKICAgICAgICAgICAgUE9TVEdSRVNfREI6IHNwZW5kX2NvbnRyb2wKICAgICAgICAgICAgUE9TVEdSRVNfVVNFUjogc3BlbmRwaWxvdAogICAgICAgICAgICBQT1NUR1JFU19QQVNTV09SRDogc3BlbmRwaWxvdAogICAgICAgICAgcG9ydHM6CiAgICAgICAgICAgIC0gIjU0MzI6NTQzMiIKICAgICAgICAgIHZvbHVtZXM6CiAgICAgICAgICAgIC0gL3Zhci9saWIvc3BlbmQtY29udHJvbC9wb3N0Z3JlczovdmFyL2xpYi9wb3N0Z3Jlc3FsL2RhdGEKICAgICAgICAgIGhlYWx0aGNoZWNrOgogICAgICAgICAgICB0ZXN0OiBbIkNNRC1TSEVMTCIsICJwZ19pc3JlYWR5IC1VIHNwZW5kcGlsb3QgLWQgc3BlbmRfY29udHJvbCJdCiAgICAgICAgICAgIGludGVydmFsOiAxMHMKICAgICAgICAgICAgdGltZW91dDogNXMKICAgICAgICAgICAgcmV0cmllczogMTAKCgogICAgICAgIG9sbGFtYToKICAgICAgICAgIGltYWdlOiBvbGxhbWEvb2xsYW1hOmxhdGVzdAogICAgICAgICAgY29udGFpbmVyX25hbWU6IHNwZW5kLWNvbnRyb2wtb2xsYW1hCiAgICAgICAgICByZXN0YXJ0OiB1bmxlc3Mtc3RvcHBlZAogICAgICAgICAgcG9ydHM6CiAgICAgICAgICAgIC0gIjExNDM0OjExNDM0IgogICAgICAgICAgdm9sdW1lczoKICAgICAgICAgICAgLSAvdmFyL2xpYi9zcGVuZC1jb250cm9sL29sbGFtYTovcm9vdC8ub2xsYW1hCgoKCgoKcnVuY21kOgogIC0gaW5zdGFsbCAtbSAwNzU1IC1kIC9ldGMvYXB0L2tleXJpbmdzCiAgLSBjdXJsIC1mc1NMIGh0dHBzOi8vZG93bmxvYWQuZG9ja2VyLmNvbS9saW51eC91YnVudHUvZ3BnIC1vIC90bXAvZG9ja2VyLmFzYwogIC0gY2htb2QgYStyIC90bXAvZG9ja2VyLmFzYwogIC0gZ3BnIC0tZGVhcm1vciAtbyAvZXRjL2FwdC9rZXlyaW5ncy9kb2NrZXIuZ3BnIC90bXAvZG9ja2VyLmFzYwogIC0gZWNobyAiZGViIFthcmNoPSQoZHBrZyAtLXByaW50LWFyY2hpdGVjdHVyZSkgc2lnbmVkLWJ5PS9ldGMvYXB0L2tleXJpbmdzL2RvY2tlci5ncGddIGh0dHBzOi8vZG93bmxvYWQuZG9ja2VyLmNvbS9saW51eC91YnVudHUgJCguIC9ldGMvb3MtcmVsZWFzZSAmJiBlY2hvICRWRVJTSU9OX0NPREVOQU1FKSBzdGFibGUiID4gL2V0Yy9hcHQvc291cmNlcy5saXN0LmQvZG9ja2VyLmxpc3QKICAtIGFwdC1nZXQgdXBkYXRlCiAgLSBhcHQtZ2V0IGluc3RhbGwgLXkgZG9ja2VyLWNlIGRvY2tlci1jZS1jbGkgY29udGFpbmVyZC5pbyBkb2NrZXItYnVpbGR4LXBsdWdpbiBkb2NrZXItY29tcG9zZS1wbHVnaW4KICAtIHN5c3RlbWN0bCBlbmFibGUgZG9ja2VyCiAgLSBzeXN0ZW1jdGwgc3RhcnQgZG9ja2VyCiAgLSB1c2VybW9kIC1hRyBkb2NrZXIgdWJ1bnR1IHx8IHRydWUKICAtIHVzZXJtb2QgLWFHIGRvY2tlciBhenVyZXVzZXIgfHwgdHJ1ZQogIC0gbWtkaXIgLXAgL29wdC9zcGVuZC1jb250cm9sCiAgLSBlY2hvICJEb2NrZXIgcmVhZHkgZm9yIGRhdGEtYWkgbm9kZSIgPiAvb3B0L3NwZW5kLWNvbnRyb2wvUkVBRE1FLnR4dAoKICAtIG1rZGlyIC1wIC9vcHQvc3BlbmQtY29udHJvbC9kYXRhLWFpCgoKICAtIG1rZGlyIC1wIC92YXIvbGliL3NwZW5kLWNvbnRyb2wvcG9zdGdyZXMKCgogIC0gbWtkaXIgLXAgL3Zhci9saWIvc3BlbmQtY29udHJvbC9vbGxhbWEKCgogIC0gZG9ja2VyIGNvbXBvc2UgLWYgL29wdC9zcGVuZC1jb250cm9sL2RhdGEtYWkvZG9ja2VyLWNvbXBvc2UueW1sIHVwIC1kCgoKICAtIGJhc2ggLWxjICdmb3IgaSBpbiAkKHNlcSAxIDMwKTsgZG8gY3VybCAtZnNTIGh0dHA6Ly8xMjcuMC4wLjE6MTE0MzQvYXBpL3RhZ3MgPi9kZXYvbnVsbCAmJiBicmVhazsgc2xlZXAgNTsgZG9uZScKICAtIGRvY2tlciBleGVjIHNwZW5kLWNvbnRyb2wtb2xsYW1hIG9sbGFtYSBwdWxsIGxsYW1hMy4yCgoKCg==",
            "dedicated_host_group_id": "",
            "dedicated_host_id": "",
            "disable_password_authentication": false,
            "disk_controller_type": "NVMe",
            "edge_zone": "",
            "encryption_at_host_enabled": false,
            "eviction_policy": "",
            "extensions_time_budget": "PT1H30M",
            "gallery_application": [],
            "id": "/subscriptions/e1f5b4be-e0ba-4ccb-8708-a949458fcd83/resourceGroups/spendpilot-rg/providers/Microsoft.Compute/virtualMachines/spendpilot-prod-data-ai",
            "identity": [
              {
                "identity_ids": [],
                "principal_id": "f39b084c-2d9a-439e-8c6e-c9236e237f02",
                "tenant_id": "920e9322-340c-4fbc-bf09-dc8fd6636182",
                "type": "SystemAssigned"
              }
            ],
            "license_type": "",
            "location": "centralindia",
            "max_bid_price": -1,
            "name": "spendpilot-prod-data-ai",
            "network_interface_ids": [
              "/subscriptions/e1f5b4be-e0ba-4ccb-8708-a949458fcd83/resourceGroups/spendpilot-rg/providers/Microsoft.Network/networkInterfaces/spendpilot-prod-data-ai-nic"
            ],
            "os_disk": [
              {
                "caching": "ReadWrite",
                "diff_disk_settings": [],
                "disk_encryption_set_id": "",
                "disk_size_gb": 30,
                "id": "/subscriptions/e1f5b4be-e0ba-4ccb-8708-a949458fcd83/resourceGroups/spendpilot-rg/providers/Microsoft.Compute/disks/spendpilot-prod-data-ai_OsDisk_1_851be94b8be14a3baaf32ba1b38853a7",
                "name": "spendpilot-prod-data-ai_OsDisk_1_851be94b8be14a3baaf32ba1b38853a7",
                "secure_vm_disk_encryption_set_id": "",
                "security_encryption_type": "",
                "storage_account_type": "Premium_LRS",
                "write_accelerator_enabled": false
              }
            ],
            "os_image_notification": [],
            "os_managed_disk_id": "/subscriptions/e1f5b4be-e0ba-4ccb-8708-a949458fcd83/resourceGroups/spendpilot-rg/providers/Microsoft.Compute/disks/spendpilot-prod-data-ai_OsDisk_1_851be94b8be14a3baaf32ba1b38853a7",
            "patch_assessment_mode": "ImageDefault",
            "patch_mode": "ImageDefault",
            "plan": [],
            "platform_fault_domain": -1,
            "priority": "Regular",
            "private_ip_address": "10.60.30.4",
            "private_ip_addresses": [
              "10.60.30.4"
            ],
            "provision_vm_agent": true,
            "proximity_placement_group_id": "",
            "public_ip_address": "",
            "public_ip_addresses": [],
            "reboot_setting": "",
            "resource_group_name": "spendpilot-rg",
            "secret": [],
            "secure_boot_enabled": false,
            "size": "Standard_D2ads_v6",
            "source_image_id": "",
            "source_image_reference": [
              {
                "offer": "0001-com-ubuntu-server-jammy",
                "publisher": "Canonical",
                "sku": "22_04-lts-gen2",
                "version": "latest"
              }
            ],
            "tags": {
              "application": "spend-control",
              "environment": "prod",
              "managed_by": "terraform",
              "owner": "platform-team",
              "project": "spend-control",
              "stack": "vm-docker"
            },
            "termination_notification": [],
            "timeouts": null,
            "user_data": "",
            "virtual_machine_id": "e1eee5ae-9fbd-4ea0-9afd-75434a9f2276",
            "virtual_machine_scale_set_id": "",
            "vm_agent_platform_updates_enabled": false,
            "vtpm_enabled": false,
            "zone": "1"
          },
          "sensitive_attributes": [
            [
              {
                "type": "get_attr",
                "value": "admin_password"
              }
            ],
            [
              {
                "type": "get_attr",
                "value": "custom_data"
              }
            ]
          ],
          "identity_schema_version": 0,
          "private": "eyJlMmJmYjczMC1lY2FhLTExZTYtOGY4OC0zNDM2M2JjN2M0YzAiOnsiY3JlYXRlIjoyNzAwMDAwMDAwMDAwLCJkZWxldGUiOjI3MDAwMDAwMDAwMDAsInJlYWQiOjMwMDAwMDAwMDAwMCwidXBkYXRlIjoyNzAwMDAwMDAwMDAwfX0=",
          "dependencies": [
            "module.app_gateway.azurerm_public_ip.this",
            "module.data_vms.azurerm_network_interface.this",
            "module.network.azurerm_subnet.this",
            "module.network.azurerm_virtual_network.this",
            "module.resource_group.azurerm_resource_group.this"
          ]
        }
      ]
    },
    {
      "module": "module.data_vms",
      "mode": "managed",
      "type": "azurerm_network_interface",
      "name": "this",
      "provider": "provider[\"registry.terraform.io/hashicorp/azurerm\"]",
      "instances": [
        {
          "index_key": 0,
          "schema_version": 0,
          "attributes": {
            "accelerated_networking_enabled": false,
            "applied_dns_servers": [],
            "auxiliary_mode": "",
            "auxiliary_sku": "",
            "dns_servers": [],
            "edge_zone": "",
            "id": "/subscriptions/e1f5b4be-e0ba-4ccb-8708-a949458fcd83/resourceGroups/spendpilot-rg/providers/Microsoft.Network/networkInterfaces/spendpilot-prod-data-ai-nic",
            "internal_dns_name_label": "",
            "internal_domain_name_suffix": "",
            "ip_configuration": [
              {
                "gateway_load_balancer_frontend_ip_configuration_id": "",
                "name": "internal",
                "primary": true,
                "private_ip_address": "10.60.30.4",
                "private_ip_address_allocation": "Static",
                "private_ip_address_version": "IPv4",
                "public_ip_address_id": "",
                "subnet_id": "/subscriptions/e1f5b4be-e0ba-4ccb-8708-a949458fcd83/resourceGroups/spendpilot-rg/providers/Microsoft.Network/virtualNetworks/spendpilot-prod-vnet/subnets/db-subnet"
              }
            ],
            "ip_forwarding_enabled": false,
            "location": "centralindia",
            "mac_address": "7C-ED-8D-9F-52-55",
            "name": "spendpilot-prod-data-ai-nic",
            "private_ip_address": "10.60.30.4",
            "private_ip_addresses": [
              "10.60.30.4"
            ],
            "resource_group_name": "spendpilot-rg",
            "tags": {
              "application": "spend-control",
              "environment": "prod",
              "managed_by": "terraform",
              "owner": "platform-team",
              "project": "spend-control",
              "stack": "vm-docker"
            },
            "timeouts": null,
            "virtual_machine_id": "/subscriptions/e1f5b4be-e0ba-4ccb-8708-a949458fcd83/resourceGroups/spendpilot-rg/providers/Microsoft.Compute/virtualMachines/spendpilot-prod-data-ai"
          },
          "sensitive_attributes": [],
          "identity_schema_version": 0,
          "identity": {
            "name": "spendpilot-prod-data-ai-nic",
            "resource_group_name": "spendpilot-rg",
            "subscription_id": "e1f5b4be-e0ba-4ccb-8708-a949458fcd83"
          },
          "private": "eyJlMmJmYjczMC1lY2FhLTExZTYtOGY4OC0zNDM2M2JjN2M0YzAiOnsiY3JlYXRlIjoxODAwMDAwMDAwMDAwLCJkZWxldGUiOjE4MDAwMDAwMDAwMDAsInJlYWQiOjMwMDAwMDAwMDAwMCwidXBkYXRlIjoxODAwMDAwMDAwMDAwfX0=",
          "dependencies": [
            "module.network.azurerm_subnet.this",
            "module.network.azurerm_virtual_network.this",
            "module.resource_group.azurerm_resource_group.this"
          ]
        }
      ]
    },
    {
      "module": "module.db_subnet_nsg",
      "mode": "managed",
      "type": "azurerm_network_security_group",
      "name": "this",
      "provider": "provider[\"registry.terraform.io/hashicorp/azurerm\"]",
      "instances": [
        {
          "schema_version": 0,
          "attributes": {
            "id": "/subscriptions/e1f5b4be-e0ba-4ccb-8708-a949458fcd83/resourceGroups/spendpilot-rg/providers/Microsoft.Network/networkSecurityGroups/spendpilot-prod-db-nsg",
            "location": "centralindia",
            "name": "spendpilot-prod-db-nsg",
            "resource_group_name": "spendpilot-rg",
            "security_rule": [
              {
                "access": "Allow",
                "description": "",
                "destination_address_prefix": "*",
                "destination_address_prefixes": [],
                "destination_application_security_group_ids": [],
                "destination_port_range": "11434",
                "destination_port_ranges": [],
                "direction": "Inbound",
                "name": "allow-backend-to-ollama",
                "priority": 110,
                "protocol": "Tcp",
                "source_address_prefix": "10.60.20.0/24",
                "source_address_prefixes": [],
                "source_application_security_group_ids": [],
                "source_port_range": "*",
                "source_port_ranges": []
              },
              {
                "access": "Allow",
                "description": "",
                "destination_address_prefix": "*",
                "destination_address_prefixes": [],
                "destination_application_security_group_ids": [],
                "destination_port_range": "5432",
                "destination_port_ranges": [],
                "direction": "Inbound",
                "name": "allow-backend-to-postgres",
                "priority": 100,
                "protocol": "Tcp",
                "source_address_prefix": "10.60.20.0/24",
                "source_address_prefixes": [],
                "source_application_security_group_ids": [],
                "source_port_range": "*",
                "source_port_ranges": []
              }
            ],
            "tags": {
              "application": "spend-control",
              "environment": "prod",
              "managed_by": "terraform",
              "owner": "platform-team",
              "project": "spend-control",
              "stack": "vm-docker"
            },
            "timeouts": null
          },
          "sensitive_attributes": [],
          "identity_schema_version": 0,
          "identity": {
            "name": "spendpilot-prod-db-nsg",
            "resource_group_name": "spendpilot-rg",
            "subscription_id": "e1f5b4be-e0ba-4ccb-8708-a949458fcd83"
          },
          "private": "eyJlMmJmYjczMC1lY2FhLTExZTYtOGY4OC0zNDM2M2JjN2M0YzAiOnsiY3JlYXRlIjoxODAwMDAwMDAwMDAwLCJkZWxldGUiOjE4MDAwMDAwMDAwMDAsInJlYWQiOjMwMDAwMDAwMDAwMCwidXBkYXRlIjoxODAwMDAwMDAwMDAwfX0=",
          "dependencies": [
            "module.resource_group.azurerm_resource_group.this"
          ]
        }
      ]
    },
    {
      "module": "module.db_subnet_nsg",
      "mode": "managed",
      "type": "azurerm_subnet_network_security_group_association",
      "name": "this",
      "provider": "provider[\"registry.terraform.io/hashicorp/azurerm\"]",
      "instances": [
        {
          "schema_version": 0,
          "attributes": {
            "id": "/subscriptions/e1f5b4be-e0ba-4ccb-8708-a949458fcd83/resourceGroups/spendpilot-rg/providers/Microsoft.Network/virtualNetworks/spendpilot-prod-vnet/subnets/db-subnet",
            "network_security_group_id": "/subscriptions/e1f5b4be-e0ba-4ccb-8708-a949458fcd83/resourceGroups/spendpilot-rg/providers/Microsoft.Network/networkSecurityGroups/spendpilot-prod-db-nsg",
            "subnet_id": "/subscriptions/e1f5b4be-e0ba-4ccb-8708-a949458fcd83/resourceGroups/spendpilot-rg/providers/Microsoft.Network/virtualNetworks/spendpilot-prod-vnet/subnets/db-subnet",
            "timeouts": null
          },
          "sensitive_attributes": [],
          "identity_schema_version": 0,
          "private": "eyJlMmJmYjczMC1lY2FhLTExZTYtOGY4OC0zNDM2M2JjN2M0YzAiOnsiY3JlYXRlIjoxODAwMDAwMDAwMDAwLCJkZWxldGUiOjE4MDAwMDAwMDAwMDAsInJlYWQiOjMwMDAwMDAwMDAwMH19",
          "dependencies": [
            "module.db_subnet_nsg.azurerm_network_security_group.this",
            "module.network.azurerm_subnet.this",
            "module.network.azurerm_virtual_network.this",
            "module.resource_group.azurerm_resource_group.this"
          ]
        }
      ]
    },
    {
      "module": "module.frontend_subnet_nsg",
      "mode": "managed",
      "type": "azurerm_network_security_group",
      "name": "this",
      "provider": "provider[\"registry.terraform.io/hashicorp/azurerm\"]",
      "instances": [
        {
          "schema_version": 0,
          "attributes": {
            "id": "/subscriptions/e1f5b4be-e0ba-4ccb-8708-a949458fcd83/resourceGroups/spendpilot-rg/providers/Microsoft.Network/networkSecurityGroups/spendpilot-prod-frontend-nsg",
            "location": "centralindia",
            "name": "spendpilot-prod-frontend-nsg",
            "resource_group_name": "spendpilot-rg",
            "security_rule": [
              {
                "access": "Allow",
                "description": "",
                "destination_address_prefix": "*",
                "destination_address_prefixes": [],
                "destination_application_security_group_ids": [],
                "destination_port_range": "3000",
                "destination_port_ranges": [],
                "direction": "Inbound",
                "name": "allow-appgw-to-frontend",
                "priority": 100,
                "protocol": "Tcp",
                "source_address_prefix": "10.60.0.0/24",
                "source_address_prefixes": [],
                "source_application_security_group_ids": [],
                "source_port_range": "*",
                "source_port_ranges": []
              }
            ],
            "tags": {
              "application": "spend-control",
              "environment": "prod",
              "managed_by": "terraform",
              "owner": "platform-team",
              "project": "spend-control",
              "stack": "vm-docker"
            },
            "timeouts": null
          },
          "sensitive_attributes": [],
          "identity_schema_version": 0,
          "identity": {
            "name": "spendpilot-prod-frontend-nsg",
            "resource_group_name": "spendpilot-rg",
            "subscription_id": "e1f5b4be-e0ba-4ccb-8708-a949458fcd83"
          },
          "private": "eyJlMmJmYjczMC1lY2FhLTExZTYtOGY4OC0zNDM2M2JjN2M0YzAiOnsiY3JlYXRlIjoxODAwMDAwMDAwMDAwLCJkZWxldGUiOjE4MDAwMDAwMDAwMDAsInJlYWQiOjMwMDAwMDAwMDAwMCwidXBkYXRlIjoxODAwMDAwMDAwMDAwfX0=",
          "dependencies": [
            "module.resource_group.azurerm_resource_group.this"
          ]
        }
      ]
    },
    {
      "module": "module.frontend_subnet_nsg",
      "mode": "managed",
      "type": "azurerm_subnet_network_security_group_association",
      "name": "this",
      "provider": "provider[\"registry.terraform.io/hashicorp/azurerm\"]",
      "instances": [
        {
          "schema_version": 0,
          "attributes": {
            "id": "/subscriptions/e1f5b4be-e0ba-4ccb-8708-a949458fcd83/resourceGroups/spendpilot-rg/providers/Microsoft.Network/virtualNetworks/spendpilot-prod-vnet/subnets/frontend-subnet",
            "network_security_group_id": "/subscriptions/e1f5b4be-e0ba-4ccb-8708-a949458fcd83/resourceGroups/spendpilot-rg/providers/Microsoft.Network/networkSecurityGroups/spendpilot-prod-frontend-nsg",
            "subnet_id": "/subscriptions/e1f5b4be-e0ba-4ccb-8708-a949458fcd83/resourceGroups/spendpilot-rg/providers/Microsoft.Network/virtualNetworks/spendpilot-prod-vnet/subnets/frontend-subnet",
            "timeouts": null
          },
          "sensitive_attributes": [],
          "identity_schema_version": 0,
          "private": "eyJlMmJmYjczMC1lY2FhLTExZTYtOGY4OC0zNDM2M2JjN2M0YzAiOnsiY3JlYXRlIjoxODAwMDAwMDAwMDAwLCJkZWxldGUiOjE4MDAwMDAwMDAwMDAsInJlYWQiOjMwMDAwMDAwMDAwMH19",
          "dependencies": [
            "module.frontend_subnet_nsg.azurerm_network_security_group.this",
            "module.network.azurerm_subnet.this",
            "module.network.azurerm_virtual_network.this",
            "module.resource_group.azurerm_resource_group.this"
          ]
        }
      ]
    },
    {
      "module": "module.frontend_vms",
      "mode": "managed",
      "type": "azurerm_linux_virtual_machine",
      "name": "this",
      "provider": "provider[\"registry.terraform.io/hashicorp/azurerm\"]",
      "instances": [
        {
          "index_key": 0,
          "schema_version": 0,
          "attributes": {
            "additional_capabilities": [],
            "admin_password": "Lijazsalim@2020",
            "admin_ssh_key": [],
            "admin_username": "lijaz",
            "allow_extension_operations": true,
            "availability_set_id": "",
            "boot_diagnostics": [],
            "bypass_platform_safety_checks_on_user_schedule_enabled": false,
            "capacity_reservation_group_id": "",
            "computer_name": "spendpilot-prod-frontend",
            "custom_data": "I2Nsb3VkLWNvbmZpZwpwYWNrYWdlX3VwZGF0ZTogdHJ1ZQpwYWNrYWdlX3VwZ3JhZGU6IHRydWUKcGFja2FnZXM6CiAgLSBjYS1jZXJ0aWZpY2F0ZXMKICAtIGN1cmwKICAtIGdpdAogIC0gZ251cGcKICAtIGxzYi1yZWxlYXNlCiAgLSBqcQoKd3JpdGVfZmlsZXM6CiAgLSBwYXRoOiAvZXRjL3NwZW5kLWNvbnRyb2wtcm9sZQogICAgcGVybWlzc2lvbnM6ICIwNjQ0IgogICAgb3duZXI6IHJvb3Q6cm9vdAogICAgY29udGVudDogfAogICAgICBmcm9udGVuZAoKCiAgLSBwYXRoOiAvb3B0L3NwZW5kLWNvbnRyb2wvYm9vdHN0cmFwL2Zyb250ZW5kLmVudgogICAgcGVybWlzc2lvbnM6ICIwNjAwIgogICAgb3duZXI6IHJvb3Q6cm9vdAogICAgY29udGVudDogfAogICAgICBOT0RFX0VOVj1wcm9kdWN0aW9uCiAgICAgIE5FWFRfUFVCTElDX0FQSV9CQVNFX1VSTD1odHRwOi8vMjAuMjA3LjY2LjEzNgoKICAtIHBhdGg6IC9vcHQvc3BlbmQtY29udHJvbC9ib290c3RyYXAvc3RhcnQtZnJvbnRlbmQuc2gKICAgIHBlcm1pc3Npb25zOiAiMDc1NSIKICAgIG93bmVyOiByb290OnJvb3QKICAgIGNvbnRlbnQ6IHwKICAgICAgIyEvdXNyL2Jpbi9lbnYgYmFzaAogICAgICBzZXQgLWV1eG8gcGlwZWZhaWwKICAgICAgYmFzZT0vb3B0L3NwZW5kLWNvbnRyb2wvZGVwbG95CiAgICAgIG1rZGlyIC1wICIkYmFzZSIKCiAgICAgIHdhaXRfZm9yX2RvY2tlcigpIHsKICAgICAgICBmb3IgaSBpbiAkKHNlcSAxIDMwKTsgZG8KICAgICAgICAgIGlmIGRvY2tlciBpbmZvID4vZGV2L251bGwgMj4mMTsgdGhlbgogICAgICAgICAgICByZXR1cm4gMAogICAgICAgICAgZmkKICAgICAgICAgIHNsZWVwIDIKICAgICAgICBkb25lCiAgICAgICAgZWNobyAiRG9ja2VyIGRhZW1vbiBkaWQgbm90IGJlY29tZSByZWFkeSBpbiB0aW1lLiIKICAgICAgICByZXR1cm4gMQogICAgICB9CgogICAgICBjbG9uZV9vcl91cGRhdGUoKSB7CiAgICAgICAgcmVwbz0iJDEiCiAgICAgICAgdGFyZ2V0PSIkMiIKICAgICAgICBpZiBbICEgLWQgIiR0YXJnZXQvLmdpdCIgXTsgdGhlbgogICAgICAgICAgZ2l0IGNsb25lIC0tZGVwdGggMSAtLWJyYW5jaCBtYWluIGh0dHBzOi8vZ2l0aHViLmNvbS9TcGVuZFBpbG90LyIkcmVwbyIuZ2l0ICIkdGFyZ2V0IgogICAgICAgIGVsc2UKICAgICAgICAgIGdpdCAtQyAiJHRhcmdldCIgZmV0Y2ggb3JpZ2luIG1haW4KICAgICAgICAgIGdpdCAtQyAiJHRhcmdldCIgcmVzZXQgLS1oYXJkIG9yaWdpbi9tYWluCiAgICAgICAgZmkKICAgICAgfQoKICAgICAgd2FpdF9mb3JfZG9ja2VyCiAgICAgIGNsb25lX29yX3VwZGF0ZSBzcGVuZC1jb250cm9sLXBsYXRmb3JtICIkYmFzZS9zcGVuZC1jb250cm9sLXBsYXRmb3JtIgogICAgICBjbG9uZV9vcl91cGRhdGUgc3BlbmQtY29udHJvbC1mcm9udGVuZCAiJGJhc2Uvc3BlbmQtY29udHJvbC1mcm9udGVuZCIKCiAgICAgIGNkICIkYmFzZS9zcGVuZC1jb250cm9sLXBsYXRmb3JtIgogICAgICBkb2NrZXIgY29tcG9zZSAtLWVudi1maWxlIC9vcHQvc3BlbmQtY29udHJvbC9ib290c3RyYXAvZnJvbnRlbmQuZW52IC1mIGRvY2tlci1jb21wb3NlLmZyb250ZW5kLnltbCB1cCAtZCAtLWJ1aWxkCgoKCnJ1bmNtZDoKICAtIGluc3RhbGwgLW0gMDc1NSAtZCAvZXRjL2FwdC9rZXlyaW5ncwogIC0gY3VybCAtZnNTTCBodHRwczovL2Rvd25sb2FkLmRvY2tlci5jb20vbGludXgvdWJ1bnR1L2dwZyAtbyAvdG1wL2RvY2tlci5hc2MKICAtIGNobW9kIGErciAvdG1wL2RvY2tlci5hc2MKICAtIGdwZyAtLWRlYXJtb3IgLW8gL2V0Yy9hcHQva2V5cmluZ3MvZG9ja2VyLmdwZyAvdG1wL2RvY2tlci5hc2MKICAtIGVjaG8gImRlYiBbYXJjaD0kKGRwa2cgLS1wcmludC1hcmNoaXRlY3R1cmUpIHNpZ25lZC1ieT0vZXRjL2FwdC9rZXlyaW5ncy9kb2NrZXIuZ3BnXSBodHRwczovL2Rvd25sb2FkLmRvY2tlci5jb20vbGludXgvdWJ1bnR1ICQoLiAvZXRjL29zLXJlbGVhc2UgJiYgZWNobyAkVkVSU0lPTl9DT0RFTkFNRSkgc3RhYmxlIiA+IC9ldGMvYXB0L3NvdXJjZXMubGlzdC5kL2RvY2tlci5saXN0CiAgLSBhcHQtZ2V0IHVwZGF0ZQogIC0gYXB0LWdldCBpbnN0YWxsIC15IGRvY2tlci1jZSBkb2NrZXItY2UtY2xpIGNvbnRhaW5lcmQuaW8gZG9ja2VyLWJ1aWxkeC1wbHVnaW4gZG9ja2VyLWNvbXBvc2UtcGx1Z2luCiAgLSBzeXN0ZW1jdGwgZW5hYmxlIGRvY2tlcgogIC0gc3lzdGVtY3RsIHN0YXJ0IGRvY2tlcgogIC0gdXNlcm1vZCAtYUcgZG9ja2VyIHVidW50dSB8fCB0cnVlCiAgLSB1c2VybW9kIC1hRyBkb2NrZXIgYXp1cmV1c2VyIHx8IHRydWUKICAtIG1rZGlyIC1wIC9vcHQvc3BlbmQtY29udHJvbAogIC0gZWNobyAiRG9ja2VyIHJlYWR5IGZvciBmcm9udGVuZCBub2RlIiA+IC9vcHQvc3BlbmQtY29udHJvbC9SRUFETUUudHh0CgoKCgoKCiAgLSBiYXNoIC9vcHQvc3BlbmQtY29udHJvbC9ib290c3RyYXAvc3RhcnQtZnJvbnRlbmQuc2gKCgo=",
            "dedicated_host_group_id": "",
            "dedicated_host_id": "",
            "disable_password_authentication": false,
            "disk_controller_type": "SCSI",
            "edge_zone": "",
            "encryption_at_host_enabled": false,
            "eviction_policy": "",
            "extensions_time_budget": "PT1H30M",
            "gallery_application": [],
            "id": "/subscriptions/e1f5b4be-e0ba-4ccb-8708-a949458fcd83/resourceGroups/spendpilot-rg/providers/Microsoft.Compute/virtualMachines/spendpilot-prod-frontend",
            "identity": [
              {
                "identity_ids": [],
                "principal_id": "bceb0d4a-213e-4456-b2b7-2e0d01f4f303",
                "tenant_id": "920e9322-340c-4fbc-bf09-dc8fd6636182",
                "type": "SystemAssigned"
              }
            ],
            "license_type": "",
            "location": "centralindia",
            "max_bid_price": -1,
            "name": "spendpilot-prod-frontend",
            "network_interface_ids": [
              "/subscriptions/e1f5b4be-e0ba-4ccb-8708-a949458fcd83/resourceGroups/spendpilot-rg/providers/Microsoft.Network/networkInterfaces/spendpilot-prod-frontend-nic"
            ],
            "os_disk": [
              {
                "caching": "ReadWrite",
                "diff_disk_settings": [],
                "disk_encryption_set_id": "",
                "disk_size_gb": 30,
                "id": "/subscriptions/e1f5b4be-e0ba-4ccb-8708-a949458fcd83/resourceGroups/spendpilot-rg/providers/Microsoft.Compute/disks/spendpilot-prod-frontend_OsDisk_1_5accfdb2491c48e4aa5e015e26fa03d5",
                "name": "spendpilot-prod-frontend_OsDisk_1_5accfdb2491c48e4aa5e015e26fa03d5",
                "secure_vm_disk_encryption_set_id": "",
                "security_encryption_type": "",
                "storage_account_type": "Premium_LRS",
                "write_accelerator_enabled": false
              }
            ],
            "os_image_notification": [],
            "os_managed_disk_id": "/subscriptions/e1f5b4be-e0ba-4ccb-8708-a949458fcd83/resourceGroups/spendpilot-rg/providers/Microsoft.Compute/disks/spendpilot-prod-frontend_OsDisk_1_5accfdb2491c48e4aa5e015e26fa03d5",
            "patch_assessment_mode": "ImageDefault",
            "patch_mode": "ImageDefault",
            "plan": [],
            "platform_fault_domain": -1,
            "priority": "Regular",
            "private_ip_address": "10.60.10.4",
            "private_ip_addresses": [
              "10.60.10.4"
            ],
            "provision_vm_agent": true,
            "proximity_placement_group_id": "",
            "public_ip_address": "",
            "public_ip_addresses": [],
            "reboot_setting": "",
            "resource_group_name": "spendpilot-rg",
            "secret": [],
            "secure_boot_enabled": false,
            "size": "Standard_D2s_v3",
            "source_image_id": "",
            "source_image_reference": [
              {
                "offer": "0001-com-ubuntu-server-jammy",
                "publisher": "Canonical",
                "sku": "22_04-lts-gen2",
                "version": "latest"
              }
            ],
            "tags": {
              "application": "spend-control",
              "environment": "prod",
              "managed_by": "terraform",
              "owner": "platform-team",
              "project": "spend-control",
              "stack": "vm-docker"
            },
            "termination_notification": [],
            "timeouts": null,
            "user_data": "",
            "virtual_machine_id": "2180e820-ad01-480e-a405-3bacbbe34382",
            "virtual_machine_scale_set_id": "",
            "vm_agent_platform_updates_enabled": false,
            "vtpm_enabled": false,
            "zone": "1"
          },
          "sensitive_attributes": [
            [
              {
                "type": "get_attr",
                "value": "admin_password"
              }
            ],
            [
              {
                "type": "get_attr",
                "value": "custom_data"
              }
            ]
          ],
          "identity_schema_version": 0,
          "private": "eyJlMmJmYjczMC1lY2FhLTExZTYtOGY4OC0zNDM2M2JjN2M0YzAiOnsiY3JlYXRlIjoyNzAwMDAwMDAwMDAwLCJkZWxldGUiOjI3MDAwMDAwMDAwMDAsInJlYWQiOjMwMDAwMDAwMDAwMCwidXBkYXRlIjoyNzAwMDAwMDAwMDAwfX0=",
          "dependencies": [
            "module.app_gateway.azurerm_public_ip.this",
            "module.frontend_vms.azurerm_network_interface.this",
            "module.network.azurerm_subnet.this",
            "module.network.azurerm_virtual_network.this",
            "module.resource_group.azurerm_resource_group.this"
          ]
        }
      ]
    },
    {
      "module": "module.frontend_vms",
      "mode": "managed",
      "type": "azurerm_network_interface",
      "name": "this",
      "provider": "provider[\"registry.terraform.io/hashicorp/azurerm\"]",
      "instances": [
        {
          "index_key": 0,
          "schema_version": 0,
          "attributes": {
            "accelerated_networking_enabled": false,
            "applied_dns_servers": [],
            "auxiliary_mode": "",
            "auxiliary_sku": "",
            "dns_servers": [],
            "edge_zone": "",
            "id": "/subscriptions/e1f5b4be-e0ba-4ccb-8708-a949458fcd83/resourceGroups/spendpilot-rg/providers/Microsoft.Network/networkInterfaces/spendpilot-prod-frontend-nic",
            "internal_dns_name_label": "",
            "internal_domain_name_suffix": "",
            "ip_configuration": [
              {
                "gateway_load_balancer_frontend_ip_configuration_id": "",
                "name": "internal",
                "primary": true,
                "private_ip_address": "10.60.10.4",
                "private_ip_address_allocation": "Static",
                "private_ip_address_version": "IPv4",
                "public_ip_address_id": "",
                "subnet_id": "/subscriptions/e1f5b4be-e0ba-4ccb-8708-a949458fcd83/resourceGroups/spendpilot-rg/providers/Microsoft.Network/virtualNetworks/spendpilot-prod-vnet/subnets/frontend-subnet"
              }
            ],
            "ip_forwarding_enabled": false,
            "location": "centralindia",
            "mac_address": "70-A8-A5-29-47-BE",
            "name": "spendpilot-prod-frontend-nic",
            "private_ip_address": "10.60.10.4",
            "private_ip_addresses": [
              "10.60.10.4"
            ],
            "resource_group_name": "spendpilot-rg",
            "tags": {
              "application": "spend-control",
              "environment": "prod",
              "managed_by": "terraform",
              "owner": "platform-team",
              "project": "spend-control",
              "stack": "vm-docker"
            },
            "timeouts": null,
            "virtual_machine_id": "/subscriptions/e1f5b4be-e0ba-4ccb-8708-a949458fcd83/resourceGroups/spendpilot-rg/providers/Microsoft.Compute/virtualMachines/spendpilot-prod-frontend"
          },
          "sensitive_attributes": [],
          "identity_schema_version": 0,
          "identity": {
            "name": "spendpilot-prod-frontend-nic",
            "resource_group_name": "spendpilot-rg",
            "subscription_id": "e1f5b4be-e0ba-4ccb-8708-a949458fcd83"
          },
          "private": "eyJlMmJmYjczMC1lY2FhLTExZTYtOGY4OC0zNDM2M2JjN2M0YzAiOnsiY3JlYXRlIjoxODAwMDAwMDAwMDAwLCJkZWxldGUiOjE4MDAwMDAwMDAwMDAsInJlYWQiOjMwMDAwMDAwMDAwMCwidXBkYXRlIjoxODAwMDAwMDAwMDAwfX0=",
          "dependencies": [
            "module.network.azurerm_subnet.this",
            "module.network.azurerm_virtual_network.this",
            "module.resource_group.azurerm_resource_group.this"
          ]
        }
      ]
    },
    {
      "module": "module.frontend_vms",
      "mode": "managed",
      "type": "azurerm_network_interface_application_gateway_backend_address_pool_association",
      "name": "this",
      "provider": "provider[\"registry.terraform.io/hashicorp/azurerm\"]",
      "instances": [
        {
          "index_key": 0,
          "schema_version": 0,
          "attributes": {
            "backend_address_pool_id": "/subscriptions/e1f5b4be-e0ba-4ccb-8708-a949458fcd83/resourceGroups/spendpilot-rg/providers/Microsoft.Network/applicationGateways/spendpilot-prod-appgw/backendAddressPools/frontend-pool",
            "id": "/subscriptions/e1f5b4be-e0ba-4ccb-8708-a949458fcd83/resourceGroups/spendpilot-rg/providers/Microsoft.Network/networkInterfaces/spendpilot-prod-frontend-nic/ipConfigurations/internal|/subscriptions/e1f5b4be-e0ba-4ccb-8708-a949458fcd83/resourceGroups/spendpilot-rg/providers/Microsoft.Network/applicationGateways/spendpilot-prod-appgw/backendAddressPools/frontend-pool",
            "ip_configuration_name": "internal",
            "network_interface_id": "/subscriptions/e1f5b4be-e0ba-4ccb-8708-a949458fcd83/resourceGroups/spendpilot-rg/providers/Microsoft.Network/networkInterfaces/spendpilot-prod-frontend-nic",
            "timeouts": null
          },
          "sensitive_attributes": [],
          "identity_schema_version": 0,
          "private": "eyJlMmJmYjczMC1lY2FhLTExZTYtOGY4OC0zNDM2M2JjN2M0YzAiOnsiY3JlYXRlIjoxODAwMDAwMDAwMDAwLCJkZWxldGUiOjE4MDAwMDAwMDAwMDAsInJlYWQiOjMwMDAwMDAwMDAwMH19",
          "dependencies": [
            "module.app_gateway.azurerm_application_gateway.this",
            "module.app_gateway.azurerm_public_ip.this",
            "module.app_gateway.azurerm_web_application_firewall_policy.this",
            "module.frontend_vms.azurerm_network_interface.this",
            "module.network.azurerm_subnet.this",
            "module.network.azurerm_virtual_network.this",
            "module.resource_group.azurerm_resource_group.this"
          ]
        }
      ]
    },
    {
      "module": "module.log_analytics",
      "mode": "managed",
      "type": "azurerm_log_analytics_workspace",
      "name": "this",
      "provider": "provider[\"registry.terraform.io/hashicorp/azurerm\"]",
      "instances": [
        {
          "schema_version": 3,
          "attributes": {
            "allow_resource_only_permissions": true,
            "cmk_for_query_forced": false,
            "daily_quota_gb": -1,
            "data_collection_rule_id": "",
            "id": "/subscriptions/e1f5b4be-e0ba-4ccb-8708-a949458fcd83/resourceGroups/spendpilot-rg/providers/Microsoft.OperationalInsights/workspaces/spendpilot-prod-law",
            "identity": [],
            "immediate_data_purge_on_30_days_enabled": false,
            "internet_ingestion_enabled": true,
            "internet_query_enabled": true,
            "local_authentication_disabled": false,
            "local_authentication_enabled": true,
            "location": "centralindia",
            "name": "spendpilot-prod-law",
            "primary_shared_key": "68kY2K2Zkx1oXsVBUS/8h2qJPCz5ByC5a96CAb71E3sYLAyHy3SK37ySqxUxXkfPXc1VlORIYM1V8zL5J5iLwg==",
            "reservation_capacity_in_gb_per_day": null,
            "resource_group_name": "spendpilot-rg",
            "retention_in_days": 30,
            "secondary_shared_key": "gUBrhQNrE9PCV+/C7N057rnbY0C77m4cMU/rG12cpZWD/sM1QWUJ6JVaYcMVMQHUgclm1JSgGraQMgWEgdnuug==",
            "sku": "PerGB2018",
            "tags": {
              "application": "spend-control",
              "environment": "prod",
              "managed_by": "terraform",
              "owner": "platform-team",
              "project": "spend-control",
              "stack": "vm-docker"
            },
            "timeouts": null,
            "workspace_id": "21eb40df-59c7-4dcf-bbf6-b6573e2df33e"
          },
          "sensitive_attributes": [
            [
              {
                "type": "get_attr",
                "value": "primary_shared_key"
              }
            ],
            [
              {
                "type": "get_attr",
                "value": "secondary_shared_key"
              }
            ]
          ],
          "identity_schema_version": 0,
          "private": "eyJlMmJmYjczMC1lY2FhLTExZTYtOGY4OC0zNDM2M2JjN2M0YzAiOnsiY3JlYXRlIjoxODAwMDAwMDAwMDAwLCJkZWxldGUiOjE4MDAwMDAwMDAwMDAsInJlYWQiOjMwMDAwMDAwMDAwMCwidXBkYXRlIjoxODAwMDAwMDAwMDAwfSwic2NoZW1hX3ZlcnNpb24iOiIzIn0=",
          "dependencies": [
            "module.resource_group.azurerm_resource_group.this"
          ]
        }
      ]
    },
    {
      "module": "module.network",
      "mode": "managed",
      "type": "azurerm_subnet",
      "name": "this",
      "provider": "provider[\"registry.terraform.io/hashicorp/azurerm\"]",
      "instances": [
        {
          "index_key": "appgw-subnet",
          "schema_version": 0,
          "attributes": {
            "address_prefixes": [
              "10.60.0.0/24"
            ],
            "default_outbound_access_enabled": true,
            "delegation": [],
            "id": "/subscriptions/e1f5b4be-e0ba-4ccb-8708-a949458fcd83/resourceGroups/spendpilot-rg/providers/Microsoft.Network/virtualNetworks/spendpilot-prod-vnet/subnets/appgw-subnet",
            "ip_address_pool": [],
            "name": "appgw-subnet",
            "private_endpoint_network_policies": "Disabled",
            "private_link_service_network_policies_enabled": true,
            "resource_group_name": "spendpilot-rg",
            "service_endpoint_policy_ids": [],
            "service_endpoints": [],
            "sharing_scope": "",
            "timeouts": null,
            "virtual_network_name": "spendpilot-prod-vnet"
          },
          "sensitive_attributes": [],
          "identity_schema_version": 0,
          "identity": {
            "name": "appgw-subnet",
            "resource_group_name": "spendpilot-rg",
            "subscription_id": "e1f5b4be-e0ba-4ccb-8708-a949458fcd83",
            "virtual_network_name": "spendpilot-prod-vnet"
          },
          "private": "eyJlMmJmYjczMC1lY2FhLTExZTYtOGY4OC0zNDM2M2JjN2M0YzAiOnsiY3JlYXRlIjoxODAwMDAwMDAwMDAwLCJkZWxldGUiOjE4MDAwMDAwMDAwMDAsInJlYWQiOjMwMDAwMDAwMDAwMCwidXBkYXRlIjoxODAwMDAwMDAwMDAwfX0=",
          "dependencies": [
            "module.network.azurerm_virtual_network.this",
            "module.resource_group.azurerm_resource_group.this"
          ]
        },
        {
          "index_key": "backend-subnet",
          "schema_version": 0,
          "attributes": {
            "address_prefixes": [
              "10.60.20.0/24"
            ],
            "default_outbound_access_enabled": true,
            "delegation": [],
            "id": "/subscriptions/e1f5b4be-e0ba-4ccb-8708-a949458fcd83/resourceGroups/spendpilot-rg/providers/Microsoft.Network/virtualNetworks/spendpilot-prod-vnet/subnets/backend-subnet",
            "ip_address_pool": [],
            "name": "backend-subnet",
            "private_endpoint_network_policies": "Disabled",
            "private_link_service_network_policies_enabled": true,
            "resource_group_name": "spendpilot-rg",
            "service_endpoint_policy_ids": [],
            "service_endpoints": [],
            "sharing_scope": "",
            "timeouts": null,
            "virtual_network_name": "spendpilot-prod-vnet"
          },
          "sensitive_attributes": [],
          "identity_schema_version": 0,
          "identity": {
            "name": "backend-subnet",
            "resource_group_name": "spendpilot-rg",
            "subscription_id": "e1f5b4be-e0ba-4ccb-8708-a949458fcd83",
            "virtual_network_name": "spendpilot-prod-vnet"
          },
          "private": "eyJlMmJmYjczMC1lY2FhLTExZTYtOGY4OC0zNDM2M2JjN2M0YzAiOnsiY3JlYXRlIjoxODAwMDAwMDAwMDAwLCJkZWxldGUiOjE4MDAwMDAwMDAwMDAsInJlYWQiOjMwMDAwMDAwMDAwMCwidXBkYXRlIjoxODAwMDAwMDAwMDAwfX0=",
          "dependencies": [
            "module.network.azurerm_virtual_network.this",
            "module.resource_group.azurerm_resource_group.this"
          ]
        },
        {
          "index_key": "db-subnet",
          "schema_version": 0,
          "attributes": {
            "address_prefixes": [
              "10.60.30.0/24"
            ],
            "default_outbound_access_enabled": true,
            "delegation": [],
            "id": "/subscriptions/e1f5b4be-e0ba-4ccb-8708-a949458fcd83/resourceGroups/spendpilot-rg/providers/Microsoft.Network/virtualNetworks/spendpilot-prod-vnet/subnets/db-subnet",
            "ip_address_pool": [],
            "name": "db-subnet",
            "private_endpoint_network_policies": "Disabled",
            "private_link_service_network_policies_enabled": true,
            "resource_group_name": "spendpilot-rg",
            "service_endpoint_policy_ids": [],
            "service_endpoints": [],
            "sharing_scope": "",
            "timeouts": null,
            "virtual_network_name": "spendpilot-prod-vnet"
          },
          "sensitive_attributes": [],
          "identity_schema_version": 0,
          "identity": {
            "name": "db-subnet",
            "resource_group_name": "spendpilot-rg",
            "subscription_id": "e1f5b4be-e0ba-4ccb-8708-a949458fcd83",
            "virtual_network_name": "spendpilot-prod-vnet"
          },
          "private": "eyJlMmJmYjczMC1lY2FhLTExZTYtOGY4OC0zNDM2M2JjN2M0YzAiOnsiY3JlYXRlIjoxODAwMDAwMDAwMDAwLCJkZWxldGUiOjE4MDAwMDAwMDAwMDAsInJlYWQiOjMwMDAwMDAwMDAwMCwidXBkYXRlIjoxODAwMDAwMDAwMDAwfX0=",
          "dependencies": [
            "module.network.azurerm_virtual_network.this",
            "module.resource_group.azurerm_resource_group.this"
          ]
        },
        {
          "index_key": "frontend-subnet",
          "schema_version": 0,
          "attributes": {
            "address_prefixes": [
              "10.60.10.0/24"
            ],
            "default_outbound_access_enabled": true,
            "delegation": [],
            "id": "/subscriptions/e1f5b4be-e0ba-4ccb-8708-a949458fcd83/resourceGroups/spendpilot-rg/providers/Microsoft.Network/virtualNetworks/spendpilot-prod-vnet/subnets/frontend-subnet",
            "ip_address_pool": [],
            "name": "frontend-subnet",
            "private_endpoint_network_policies": "Disabled",
            "private_link_service_network_policies_enabled": true,
            "resource_group_name": "spendpilot-rg",
            "service_endpoint_policy_ids": [],
            "service_endpoints": [],
            "sharing_scope": "",
            "timeouts": null,
            "virtual_network_name": "spendpilot-prod-vnet"
          },
          "sensitive_attributes": [],
          "identity_schema_version": 0,
          "identity": {
            "name": "frontend-subnet",
            "resource_group_name": "spendpilot-rg",
            "subscription_id": "e1f5b4be-e0ba-4ccb-8708-a949458fcd83",
            "virtual_network_name": "spendpilot-prod-vnet"
          },
          "private": "eyJlMmJmYjczMC1lY2FhLTExZTYtOGY4OC0zNDM2M2JjN2M0YzAiOnsiY3JlYXRlIjoxODAwMDAwMDAwMDAwLCJkZWxldGUiOjE4MDAwMDAwMDAwMDAsInJlYWQiOjMwMDAwMDAwMDAwMCwidXBkYXRlIjoxODAwMDAwMDAwMDAwfX0=",
          "dependencies": [
            "module.network.azurerm_virtual_network.this",
            "module.resource_group.azurerm_resource_group.this"
          ]
        }
      ]
    },
    {
      "module": "module.network",
      "mode": "managed",
      "type": "azurerm_virtual_network",
      "name": "this",
      "provider": "provider[\"registry.terraform.io/hashicorp/azurerm\"]",
      "instances": [
        {
          "schema_version": 0,
          "attributes": {
            "address_space": [
              "10.60.0.0/16"
            ],
            "bgp_community": "",
            "ddos_protection_plan": [],
            "dns_servers": [],
            "edge_zone": "",
            "encryption": [],
            "flow_timeout_in_minutes": 0,
            "guid": "f206dc54-1518-40f5-864c-d09680b1b78a",
            "id": "/subscriptions/e1f5b4be-e0ba-4ccb-8708-a949458fcd83/resourceGroups/spendpilot-rg/providers/Microsoft.Network/virtualNetworks/spendpilot-prod-vnet",
            "ip_address_pool": [],
            "location": "centralindia",
            "name": "spendpilot-prod-vnet",
            "private_endpoint_vnet_policies": "Disabled",
            "resource_group_name": "spendpilot-rg",
            "subnet": [
              {
                "address_prefixes": [
                  "10.60.0.0/24"
                ],
                "default_outbound_access_enabled": true,
                "delegation": [],
                "id": "/subscriptions/e1f5b4be-e0ba-4ccb-8708-a949458fcd83/resourceGroups/spendpilot-rg/providers/Microsoft.Network/virtualNetworks/spendpilot-prod-vnet/subnets/appgw-subnet",
                "name": "appgw-subnet",
                "private_endpoint_network_policies": "Disabled",
                "private_link_service_network_policies_enabled": true,
                "route_table_id": "",
                "security_group": "",
                "service_endpoint_policy_ids": [],
                "service_endpoints": []
              },
              {
                "address_prefixes": [
                  "10.60.10.0/24"
                ],
                "default_outbound_access_enabled": true,
                "delegation": [],
                "id": "/subscriptions/e1f5b4be-e0ba-4ccb-8708-a949458fcd83/resourceGroups/spendpilot-rg/providers/Microsoft.Network/virtualNetworks/spendpilot-prod-vnet/subnets/frontend-subnet",
                "name": "frontend-subnet",
                "private_endpoint_network_policies": "Disabled",
                "private_link_service_network_policies_enabled": true,
                "route_table_id": "",
                "security_group": "/subscriptions/e1f5b4be-e0ba-4ccb-8708-a949458fcd83/resourceGroups/spendpilot-rg/providers/Microsoft.Network/networkSecurityGroups/spendpilot-prod-frontend-nsg",
                "service_endpoint_policy_ids": [],
                "service_endpoints": []
              },
              {
                "address_prefixes": [
                  "10.60.20.0/24"
                ],
                "default_outbound_access_enabled": true,
                "delegation": [],
                "id": "/subscriptions/e1f5b4be-e0ba-4ccb-8708-a949458fcd83/resourceGroups/spendpilot-rg/providers/Microsoft.Network/virtualNetworks/spendpilot-prod-vnet/subnets/backend-subnet",
                "name": "backend-subnet",
                "private_endpoint_network_policies": "Disabled",
                "private_link_service_network_policies_enabled": true,
                "route_table_id": "",
                "security_group": "/subscriptions/e1f5b4be-e0ba-4ccb-8708-a949458fcd83/resourceGroups/spendpilot-rg/providers/Microsoft.Network/networkSecurityGroups/spendpilot-prod-backend-nsg",
                "service_endpoint_policy_ids": [],
                "service_endpoints": []
              },
              {
                "address_prefixes": [
                  "10.60.30.0/24"
                ],
                "default_outbound_access_enabled": true,
                "delegation": [],
                "id": "/subscriptions/e1f5b4be-e0ba-4ccb-8708-a949458fcd83/resourceGroups/spendpilot-rg/providers/Microsoft.Network/virtualNetworks/spendpilot-prod-vnet/subnets/db-subnet",
                "name": "db-subnet",
                "private_endpoint_network_policies": "Disabled",
                "private_link_service_network_policies_enabled": true,
                "route_table_id": "",
                "security_group": "/subscriptions/e1f5b4be-e0ba-4ccb-8708-a949458fcd83/resourceGroups/spendpilot-rg/providers/Microsoft.Network/networkSecurityGroups/spendpilot-prod-db-nsg",
                "service_endpoint_policy_ids": [],
                "service_endpoints": []
              }
            ],
            "tags": {
              "application": "spend-control",
              "environment": "prod",
              "managed_by": "terraform",
              "owner": "platform-team",
              "project": "spend-control",
              "stack": "vm-docker"
            },
            "timeouts": null
          },
          "sensitive_attributes": [],
          "identity_schema_version": 0,
          "identity": {
            "name": "spendpilot-prod-vnet",
            "resource_group_name": "spendpilot-rg",
            "subscription_id": "e1f5b4be-e0ba-4ccb-8708-a949458fcd83"
          },
          "private": "eyJlMmJmYjczMC1lY2FhLTExZTYtOGY4OC0zNDM2M2JjN2M0YzAiOnsiY3JlYXRlIjoxODAwMDAwMDAwMDAwLCJkZWxldGUiOjE4MDAwMDAwMDAwMDAsInJlYWQiOjMwMDAwMDAwMDAwMCwidXBkYXRlIjoxODAwMDAwMDAwMDAwfX0=",
          "dependencies": [
            "module.resource_group.azurerm_resource_group.this"
          ]
        }
      ]
    },
    {
      "module": "module.resource_group",
      "mode": "managed",
      "type": "azurerm_resource_group",
      "name": "this",
      "provider": "provider[\"registry.terraform.io/hashicorp/azurerm\"]",
      "instances": [
        {
          "schema_version": 0,
          "attributes": {
            "id": "/subscriptions/e1f5b4be-e0ba-4ccb-8708-a949458fcd83/resourceGroups/spendpilot-rg",
            "location": "centralindia",
            "managed_by": "",
            "name": "spendpilot-rg",
            "tags": {
              "application": "spend-control",
              "environment": "prod",
              "managed_by": "terraform",
              "owner": "platform-team",
              "project": "spend-control",
              "stack": "vm-docker"
            },
            "timeouts": null
          },
          "sensitive_attributes": [],
          "identity_schema_version": 0,
          "identity": {
            "name": "spendpilot-rg",
            "subscription_id": "e1f5b4be-e0ba-4ccb-8708-a949458fcd83"
          },
          "private": "eyJlMmJmYjczMC1lY2FhLTExZTYtOGY4OC0zNDM2M2JjN2M0YzAiOnsiY3JlYXRlIjo1NDAwMDAwMDAwMDAwLCJkZWxldGUiOjU0MDAwMDAwMDAwMDAsInJlYWQiOjMwMDAwMDAwMDAwMCwidXBkYXRlIjo1NDAwMDAwMDAwMDAwfX0="
        }
      ]
    }
  ],
  "check_results": null
}
